PODS:
  - AFNetworking (3.2.1):
    - AFNetworking/NSURLSession (= 3.2.1)
    - AFNetworking/Reachability (= 3.2.1)
    - AFNetworking/Security (= 3.2.1)
    - AFNetworking/Serialization (= 3.2.1)
    - AFNetworking/UIKit (= 3.2.1)
  - AFNetworking/NSURLSession (3.2.1):
    - AFNetworking/Reachability
    - AFNetworking/Security
    - AFNetworking/Serialization
  - AFNetworking/Reachability (3.2.1)
  - AFNetworking/Security (3.2.1)
  - AFNetworking/Serialization (3.2.1)
  - AFNetworking/UIKit (3.2.1):
    - AFNetworking/NSURLSession
  - ISO8601 (0.6.0)
  - JSONModel (1.8.0)
  - MaterialComponents/ActivityIndicator (109.7.0):
    - MaterialComponents/Palettes
    - MaterialComponents/private/Application
    - MDFInternationalization
    - MotionAnimator (~> 2.0)
  - MaterialComponents/Palettes (109.7.0)
  - MaterialComponents/private/Application (109.7.0)
  - MDFInternationalization (2.0.0)
  - MotionAnimator (2.8.1):
    - MotionInterchange (~> 1.6)
  - MotionInterchange (1.6.0)
  - OpenAPIClient (1.0.0):
    - AFNetworking (~> 3)
    - ISO8601 (~> 0.6)
    - JSONModel (~> 1.2)

DEPENDENCIES:
  - MaterialComponents/ActivityIndicator
  - OpenAPIClient (from `OpenAPI/objc`)

SPEC REPOS:
  trunk:
    - AFNetworking
    - ISO8601
    - JSONModel
    - MaterialComponents
    - MDFInternationalization
    - MotionAnimator
    - MotionInterchange

EXTERNAL SOURCES:
  OpenAPIClient:
    :path: OpenAPI/objc

SPEC CHECKSUMS:
  AFNetworking: b6f891fdfaed196b46c7a83cf209e09697b94057
  ISO8601: d3ea3ba9b752820cf92c6b47a9ee327e9f0e13fc
  JSONModel: 02ab723958366a3fd27da57ea2af2113658762e9
  MaterialComponents: cc9571d99d14bb085893b43ea90161a7eb696a8f
  MDFInternationalization: 010097556d6b09d2c4ea38e0820ea6d37be6a314
  MotionAnimator: ee16aa30567c5bae0fb2750c132915829cfaaf8a
  MotionInterchange: ead0e3ae1f3a5fb539e289debbc7ae036160a10d
  OpenAPIClient: a53b747f4a7b2063f94c40b2a397c1795ae57be3

PODFILE CHECKSUM: 79684918c0e92cf413a5d49108e7ad6e9b369412

COCOAPODS: 1.9.3
