// !$*UTF8*$!
{
	archiveVersion = 1;
	classes = {
	};
	objectVersion = 51;
	objects = {

/* Begin PBXBuildFile section */
		0D0C66376A43AEB780F35E5D /* Pods_VillageWalletClientSDKReference.framework in Frameworks */ = {isa = PBXBuildFile; fileRef = BE866BA74DC7D917D6E56C2E /* Pods_VillageWalletClientSDKReference.framework */; };
		297427E79E272D43ED4E7AE9 /* Pods_VillageWalletClientSDKReference_VillageWalletClientSDKReferenceUITests.framework in Frameworks */ = {isa = PBXBuildFile; fileRef = 3A18D6D7609E05DDC2CE75D6 /* Pods_VillageWalletClientSDKReference_VillageWalletClientSDKReferenceUITests.framework */; };
		89361B5124875E1A00FBED9B /* AppDelegate.swift in Sources */ = {isa = PBXBuildFile; fileRef = 89361B5024875E1A00FBED9B /* AppDelegate.swift */; };
		89361B5324875E1A00FBED9B /* SceneDelegate.swift in Sources */ = {isa = PBXBuildFile; fileRef = 89361B5224875E1A00FBED9B /* SceneDelegate.swift */; };
		89361B5524875E1A00FBED9B /* PaymentConfirmViewController.swift in Sources */ = {isa = PBXBuildFile; fileRef = 89361B5424875E1A00FBED9B /* PaymentConfirmViewController.swift */; };
		89361B5824875E1A00FBED9B /* Main.storyboard in Resources */ = {isa = PBXBuildFile; fileRef = 89361B5624875E1A00FBED9B /* Main.storyboard */; };
		89361B5A24875E1B00FBED9B /* Assets.xcassets in Resources */ = {isa = PBXBuildFile; fileRef = 89361B5924875E1B00FBED9B /* Assets.xcassets */; };
		89361B5D24875E1B00FBED9B /* LaunchScreen.storyboard in Resources */ = {isa = PBXBuildFile; fileRef = 89361B5B24875E1B00FBED9B /* LaunchScreen.storyboard */; };
		89361B6824875E1B00FBED9B /* VillageWalletClientSDKReferenceTests.swift in Sources */ = {isa = PBXBuildFile; fileRef = 89361B6724875E1B00FBED9B /* VillageWalletClientSDKReferenceTests.swift */; };
		89361B7324875E1B00FBED9B /* VillageWalletClientSDKReferenceUITests.swift in Sources */ = {isa = PBXBuildFile; fileRef = 89361B7224875E1B00FBED9B /* VillageWalletClientSDKReferenceUITests.swift */; };
		89361B81248767DD00FBED9B /* GradientView.swift in Sources */ = {isa = PBXBuildFile; fileRef = 89361B80248767DD00FBED9B /* GradientView.swift */; };
		89361B832487A11000FBED9B /* PaymentReceiptViewController.swift in Sources */ = {isa = PBXBuildFile; fileRef = 89361B822487A11000FBED9B /* PaymentReceiptViewController.swift */; };
		893BD925248F3834006EA746 /* BasketItemTableViewCell.swift in Sources */ = {isa = PBXBuildFile; fileRef = 893BD924248F3834006EA746 /* BasketItemTableViewCell.swift */; };
		894458202490864E003233FB /* SlideToPayBackground.swift in Sources */ = {isa = PBXBuildFile; fileRef = 8944581F2490864E003233FB /* SlideToPayBackground.swift */; };
		894458222490AFC0003233FB /* SlideToPay.swift in Sources */ = {isa = PBXBuildFile; fileRef = 894458212490AFC0003233FB /* SlideToPay.swift */; };
		895676AB24A9C756006EB5EB /* ApiResult.swift in Sources */ = {isa = PBXBuildFile; fileRef = 895676AA24A9C756006EB5EB /* ApiResult.swift */; };
		895676AE24A9C83F006EB5EB /* CustomerPaymentRequest.swift in Sources */ = {isa = PBXBuildFile; fileRef = 895676AD24A9C83F006EB5EB /* CustomerPaymentRequest.swift */; };
		895676B024A9C8A6006EB5EB /* Basket.swift in Sources */ = {isa = PBXBuildFile; fileRef = 895676AF24A9C8A6006EB5EB /* Basket.swift */; };
		895676B224A9C9C1006EB5EB /* PaymentInstruments.swift in Sources */ = {isa = PBXBuildFile; fileRef = 895676B124A9C9C1006EB5EB /* PaymentInstruments.swift */; };
		895676B724A9CAFD006EB5EB /* OpenApiBasket.swift in Sources */ = {isa = PBXBuildFile; fileRef = 895676B624A9CAFD006EB5EB /* OpenApiBasket.swift */; };
		895676B924A9CB07006EB5EB /* OpenApiCustomerPaymentRequest.swift in Sources */ = {isa = PBXBuildFile; fileRef = 895676B824A9CB07006EB5EB /* OpenApiCustomerPaymentRequest.swift */; };
		895676BB24A9CB11006EB5EB /* OpenApiPaymentInstruments.swift in Sources */ = {isa = PBXBuildFile; fileRef = 895676BA24A9CB11006EB5EB /* OpenApiPaymentInstruments.swift */; };
		895676C024A9D083006EB5EB /* ApiAuthenticator.swift in Sources */ = {isa = PBXBuildFile; fileRef = 895676BF24A9D082006EB5EB /* ApiAuthenticator.swift */; };
		895676C224A9D08E006EB5EB /* CredentialsStore.swift in Sources */ = {isa = PBXBuildFile; fileRef = 895676C124A9D08E006EB5EB /* CredentialsStore.swift */; };
		895676C424A9D09A006EB5EB /* IdmTokenDetails.swift in Sources */ = {isa = PBXBuildFile; fileRef = 895676C324A9D09A006EB5EB /* IdmTokenDetails.swift */; };
		895676C624A9D0AA006EB5EB /* StoringApiAuthenticator.swift in Sources */ = {isa = PBXBuildFile; fileRef = 895676C524A9D0AA006EB5EB /* StoringApiAuthenticator.swift */; };
		898F80EA24889D2000402105 /* BottomSheet.swift in Sources */ = {isa = PBXBuildFile; fileRef = 898F80E924889D2000402105 /* BottomSheet.swift */; };
		89B3B02E24AAE3B100494A00 /* VillageOptions.swift in Sources */ = {isa = PBXBuildFile; fileRef = 89B3B02D24AAE3B100494A00 /* VillageOptions.swift */; };
		89B3B03024AAE4C800494A00 /* RequestHeaderFactory.swift in Sources */ = {isa = PBXBuildFile; fileRef = 89B3B02F24AAE4C800494A00 /* RequestHeaderFactory.swift */; };
		89B3B03224AAE4DD00494A00 /* RequestHeadersFactory.swift in Sources */ = {isa = PBXBuildFile; fileRef = 89B3B03124AAE4DD00494A00 /* RequestHeadersFactory.swift */; };
		89B3B03424AAE4EB00494A00 /* RequestHeaderChain.swift in Sources */ = {isa = PBXBuildFile; fileRef = 89B3B03324AAE4EB00494A00 /* RequestHeaderChain.swift */; };
		89B3B03624AAE4FD00494A00 /* BearerTokenRequestHeader.swift in Sources */ = {isa = PBXBuildFile; fileRef = 89B3B03524AAE4FD00494A00 /* BearerTokenRequestHeader.swift */; };
		89B3B03824AAE51000494A00 /* ApiKeyRequestHeader.swift in Sources */ = {isa = PBXBuildFile; fileRef = 89B3B03724AAE51000494A00 /* ApiKeyRequestHeader.swift */; };
		BC8DC03FA428121B287894A5 /* OpenApiMerchantPayload.swift in Sources */ = {isa = PBXBuildFile; fileRef = BC8DCE8280FE65C0D749A5C6 /* OpenApiMerchantPayload.swift */; };
		BC8DC05A84A2AEB27B02BE60 /* TransactionRefundDetails.swift in Sources */ = {isa = PBXBuildFile; fileRef = BC8DC5AF06A47A401654CB26 /* TransactionRefundDetails.swift */; };
		BC8DC0A09CDF1ECE997116DD /* MerchantSchemas.swift in Sources */ = {isa = PBXBuildFile; fileRef = BC8DC84EBB23F49C5ADA0DDC /* MerchantSchemas.swift */; };
		BC8DC0ABD43A33A9605A8A8D /* BasketMatcher.swift in Sources */ = {isa = PBXBuildFile; fileRef = BC8DC8BA1E5A592007279858 /* BasketMatcher.swift */; };
		BC8DC1160C35D77030055888 /* OpenApiVillageCustomerApiRepository.swift in Sources */ = {isa = PBXBuildFile; fileRef = BC8DCC3BC706680502B46F49 /* OpenApiVillageCustomerApiRepository.swift */; };
		BC8DC1521AC67AD57653C7C5 /* VillageCustomerApiRepository.swift in Sources */ = {isa = PBXBuildFile; fileRef = BC8DCB861395BFE95C5B22DC /* VillageCustomerApiRepository.swift */; };
		BC8DC1AAD299207C27FE4CCA /* PaymentInstrumentAddition.swift in Sources */ = {isa = PBXBuildFile; fileRef = BC8DC173D294F76016ABDFCA /* PaymentInstrumentAddition.swift */; };
		BC8DC1B7C5FCFCB5E7A9A091 /* VillageFactory.swift in Sources */ = {isa = PBXBuildFile; fileRef = BC8DCD9BCD73C1B1812E90FF /* VillageFactory.swift */; };
		BC8DC1CC48F9ABCBD3052DAE /* OpenApiMerchantSchemas.swift in Sources */ = {isa = PBXBuildFile; fileRef = BC8DCA60254FB6C96936F22E /* OpenApiMerchantSchemas.swift */; };
		BC8DC1D86CAE6A7782867388 /* Payment.swift in Sources */ = {isa = PBXBuildFile; fileRef = BC8DC7B389ED3D03F0B90EFF /* Payment.swift */; };
		BC8DC1FDA7BBF825F345794E /* TransactionSummary.swift in Sources */ = {isa = PBXBuildFile; fileRef = BC8DC95CD439839A35B44C21 /* TransactionSummary.swift */; };
		BC8DC24A587E7CB194CE81FF /* SdkFactory.swift in Sources */ = {isa = PBXBuildFile; fileRef = BC8DCD0E6D1A59844EEAAC40 /* SdkFactory.swift */; };
		BC8DC3141407A05E3F9403F5 /* TestNewPaymentRequestQRCode.swift in Sources */ = {isa = PBXBuildFile; fileRef = BC8DC8F82D1EC3FD68E7E103 /* TestNewPaymentRequestQRCode.swift */; };
		BC8DC34859D5AE8B680A5EDA /* CreatePaymentSessionResult.swift in Sources */ = {isa = PBXBuildFile; fileRef = BC8DCCAC2BF5461CF66F9D65 /* CreatePaymentSessionResult.swift */; };
		BC8DC34AFF8DC203DC1908A1 /* VillageCustomerApiRepositoryTest.swift in Sources */ = {isa = PBXBuildFile; fileRef = BC8DC5C6960507ED05D15E09 /* VillageCustomerApiRepositoryTest.swift */; };
		BC8DC38C72F0C728DD40F2D8 /* Currency.swift in Sources */ = {isa = PBXBuildFile; fileRef = BC8DCBBFBDE257A2BC5DDF95 /* Currency.swift */; };
		BC8DC4047073E2F1489D9C7E /* CustomerLoginApiAuthenticator.swift in Sources */ = {isa = PBXBuildFile; fileRef = BC8DC17CF8FC06826C7F8B01 /* CustomerLoginApiAuthenticator.swift */; };
		BC8DC49D8CFAB4DC6D31B7B8 /* TestMerchantPayloads.swift in Sources */ = {isa = PBXBuildFile; fileRef = BC8DCB3D3484667C74B59142 /* TestMerchantPayloads.swift */; };
		BC8DC51AEB822327BE1DF7D7 /* README.md in Sources */ = {isa = PBXBuildFile; fileRef = BC8DC85DF804656C03DBBC89 /* README.md */; };
		BC8DC528527E3D33E480A383 /* ApiResultMatchers.swift in Sources */ = {isa = PBXBuildFile; fileRef = BC8DC70A56977E2C39130E44 /* ApiResultMatchers.swift */; };
		BC8DC544DDDD0EE5154CE665 /* OpenApiPaymentInstrumentAdditionResult.swift in Sources */ = {isa = PBXBuildFile; fileRef = BC8DCA0A1C10ADF70D5024FD /* OpenApiPaymentInstrumentAdditionResult.swift */; };
		BC8DC56E1951C20672A362E1 /* CustomerTranssactions.swift in Sources */ = {isa = PBXBuildFile; fileRef = BC8DC466B954ABFEC5B385A1 /* CustomerTranssactions.swift */; };
		BC8DC5761F1D1831C59034B5 /* TestCreatePaymentSessionRequest.swift in Sources */ = {isa = PBXBuildFile; fileRef = BC8DCF107C5271E81EA17D6C /* TestCreatePaymentSessionRequest.swift */; };
		BC8DC57A9AB3800C0A946EFE /* VillageAdministrationApiRepository.swift in Sources */ = {isa = PBXBuildFile; fileRef = BC8DC2674ADAC0E670F97AF4 /* VillageAdministrationApiRepository.swift */; };
		BC8DC591D6E0920D59F85069 /* OpenApiClientFactory.swift in Sources */ = {isa = PBXBuildFile; fileRef = BC8DC5508B092D97EB3BB196 /* OpenApiClientFactory.swift */; };
		BC8DC5EBE53A3DE66C3113A8 /* Date.swift in Sources */ = {isa = PBXBuildFile; fileRef = BC8DCAD7364A5773CE6CFE0F /* Date.swift */; };
		BC8DC60BFBD686336592DAB4 /* UpdatePaymentSessionRequest.swift in Sources */ = {isa = PBXBuildFile; fileRef = BC8DC1A1840EA92E63797D9B /* UpdatePaymentSessionRequest.swift */; };
		BC8DC613FB091BE1F0E1C17E /* OpenApiSdkFactory.swift in Sources */ = {isa = PBXBuildFile; fileRef = BC8DC2F67ECD60D4EAF07C0C /* OpenApiSdkFactory.swift */; };
		BC8DC61885BC23C4AD39974F /* MerchantPayload.swift in Sources */ = {isa = PBXBuildFile; fileRef = BC8DC9B4088437FDBCC3883A /* MerchantPayload.swift */; };
		BC8DC66566BFE72BBEF3C542 /* PaymentInstrumentAdditionResult.swift in Sources */ = {isa = PBXBuildFile; fileRef = BC8DC3BC3D22FF13944D9F50 /* PaymentInstrumentAdditionResult.swift */; };
		BC8DC6CDAD8B20E4C505E9F4 /* CreatePaymentSessionRequest.swift in Sources */ = {isa = PBXBuildFile; fileRef = BC8DC1189CD7904CAA8C9FEC /* CreatePaymentSessionRequest.swift */; };
		BC8DC6EF58ED6BAF2E1F5F9F /* PaymentSessionMatchers.swift in Sources */ = {isa = PBXBuildFile; fileRef = BC8DC3449CA2C401D8CA6769 /* PaymentSessionMatchers.swift */; };
		BC8DC76A3AE46FDFCDA8DDCA /* Configurable.swift in Sources */ = {isa = PBXBuildFile; fileRef = BC8DCDE61D0D54984F12CC31 /* Configurable.swift */; };
		BC8DC7DB6644A37B72AFCE7A /* NewPaymentRequest.swift in Sources */ = {isa = PBXBuildFile; fileRef = BC8DC5C6EB60A8F5FF8E2CFD /* NewPaymentRequest.swift */; };
		BC8DC7F0E79AE11F5BE8432C /* CustomerVillage.swift in Sources */ = {isa = PBXBuildFile; fileRef = BC8DC350586B8F4AEB8D7859 /* CustomerVillage.swift */; };
		BC8DC7F44CCDA7A5FE76561E /* OpenApiPosPayload.swift in Sources */ = {isa = PBXBuildFile; fileRef = BC8DCB2FB5CD40C06D3484FA /* OpenApiPosPayload.swift */; };
		BC8DC80AE418960D4790B36D /* CustomerTransactionsMatchers.swift in Sources */ = {isa = PBXBuildFile; fileRef = BC8DC67691842FAA3A8D12D8 /* CustomerTransactionsMatchers.swift */; };
		BC8DC8178FB4F87A204F13B8 /* StringMatchers.swift in Sources */ = {isa = PBXBuildFile; fileRef = BC8DC0ECA3DB6DB7A15F37F6 /* StringMatchers.swift */; };
		BC8DC81AF1651EC7480646AD /* QRCode.swift in Sources */ = {isa = PBXBuildFile; fileRef = BC8DCB21D3C092580787E710 /* QRCode.swift */; };
		BC8DC8AAB46345EC959EAD11 /* WalletIdRequestHeader.swift in Sources */ = {isa = PBXBuildFile; fileRef = BC8DCA1744989720951D6073 /* WalletIdRequestHeader.swift */; };
		BC8DC8DA81BD401492B97500 /* HeaderNames.swift in Sources */ = {isa = PBXBuildFile; fileRef = BC8DCF431E62BF00538CED56 /* HeaderNames.swift */; };
		BC8DC8E58ECA4DB94831ED34 /* MerchantTransactions.swift in Sources */ = {isa = PBXBuildFile; fileRef = BC8DC33A051FDBDC01155D1C /* MerchantTransactions.swift */; };
		BC8DC93F18F55DBC3A9D46B2 /* OpenApiCreatePaymentSessionResult.swift in Sources */ = {isa = PBXBuildFile; fileRef = BC8DC80345A38F159B5F1566 /* OpenApiCreatePaymentSessionResult.swift */; };
		BC8DC9B7943F5156CC52358F /* OpenApiMerchantPayments.swift in Sources */ = {isa = PBXBuildFile; fileRef = BC8DC8869272757D9B72C68F /* OpenApiMerchantPayments.swift */; };
		BC8DCA1207689BDE03086A11 /* QRCodePaymentReferenceType.swift in Sources */ = {isa = PBXBuildFile; fileRef = BC8DC4729C2C330C30D10AD3 /* QRCodePaymentReferenceType.swift */; };
		BC8DCA2104B56F49330EEB31 /* OpenApiCustomerTransactions.swift in Sources */ = {isa = PBXBuildFile; fileRef = BC8DCCE36A27028884BB51DB /* OpenApiCustomerTransactions.swift */; };
		BC8DCA486D1BE57CB150815A /* MerchantPayments.swift in Sources */ = {isa = PBXBuildFile; fileRef = BC8DCC2E62AD6F2DFBA8CDCF /* MerchantPayments.swift */; };
		BC8DCA55F427BCAE510A94D4 /* OpenApiCreatePaymentRequestResult.swift in Sources */ = {isa = PBXBuildFile; fileRef = BC8DCFD1397C3160AC0E91A7 /* OpenApiCreatePaymentRequestResult.swift */; };
		BC8DCA78B3D069A29DB810DB /* TestMerchantSchema.swift in Sources */ = {isa = PBXBuildFile; fileRef = BC8DC2191B05344A50B4EEF6 /* TestMerchantSchema.swift */; };
		BC8DCA89891A1C7D85E2A767 /* TestUpdatePaymentSessionRequest.swift in Sources */ = {isa = PBXBuildFile; fileRef = BC8DCA9A737AF79C8D9DDF17 /* TestUpdatePaymentSessionRequest.swift */; };
		BC8DCA95EA7665D23CC81E3D /* TestTransactionRefundDetails.swift in Sources */ = {isa = PBXBuildFile; fileRef = BC8DC57FB20AC692C97E9330 /* TestTransactionRefundDetails.swift */; };
		BC8DCAC2770920AC9B8E0DD7 /* QRCodeMatcher.swift in Sources */ = {isa = PBXBuildFile; fileRef = BC8DCB5CB8CAC6336546A01F /* QRCodeMatcher.swift */; };
		BC8DCAF8F4008675C4818EA0 /* CreatePaymentRequestResult.swift in Sources */ = {isa = PBXBuildFile; fileRef = BC8DC522556D79D5D27B245B /* CreatePaymentRequestResult.swift */; };
		BC8DCB3092F80E5A32EE1B69 /* PaymentInstrumentMatchers.swift in Sources */ = {isa = PBXBuildFile; fileRef = BC8DC76AC163E8332A833356 /* PaymentInstrumentMatchers.swift */; };
		BC8DCB4DBB6331C3B88BB72E /* OpenApiPaymentSession.swift in Sources */ = {isa = PBXBuildFile; fileRef = BC8DC5407D915424F2C7FE7F /* OpenApiPaymentSession.swift */; };
		BC8DCB73A30E22D220B5B815 /* TestBasket.swift in Sources */ = {isa = PBXBuildFile; fileRef = BC8DC396A9D1CF1FC29D6C29 /* TestBasket.swift */; };
		BC8DCB90029FD4736DC3319C /* DynamicPayload.swift in Sources */ = {isa = PBXBuildFile; fileRef = BC8DC22EAE63A1A61D35215A /* DynamicPayload.swift */; };
		BC8DCBBB9C19CABEFEB735AF /* TestPaymentInstrument.swift in Sources */ = {isa = PBXBuildFile; fileRef = BC8DC0988D35029EE636C3F3 /* TestPaymentInstrument.swift */; };
		BC8DCBDEA96CC19B6A531C74 /* TestNewPaymentRequest.swift in Sources */ = {isa = PBXBuildFile; fileRef = BC8DC94093FFE747CCA81F6D /* TestNewPaymentRequest.swift */; };
		BC8DCC2F025ECA1244CA2686 /* PosPayload.swift in Sources */ = {isa = PBXBuildFile; fileRef = BC8DC3723D0717E74F1532EB /* PosPayload.swift */; };
		BC8DCC323E63AE05B24B56E6 /* PaymentSession.swift in Sources */ = {isa = PBXBuildFile; fileRef = BC8DCE74A353793F26E40249 /* PaymentSession.swift */; };
		BC8DCC5F5FA5DFF186DC4550 /* NewPaymentRequestQRCode.swift in Sources */ = {isa = PBXBuildFile; fileRef = BC8DC47AEC924A7732AD3F22 /* NewPaymentRequestQRCode.swift */; };
		BC8DCC91FC479E4627EC550A /* Wallet.swift in Sources */ = {isa = PBXBuildFile; fileRef = BC8DC769894DE27419C0E0E2 /* Wallet.swift */; };
		BC8DCCB5F806F8E5D3CE8ECE /* OpenApiDynamicPayload.swift in Sources */ = {isa = PBXBuildFile; fileRef = BC8DCE2570704118F5AF02B5 /* OpenApiDynamicPayload.swift */; };
		BC8DCD3ABB14196621B9204D /* OpenApiUsedPaymentInstrument.swift in Sources */ = {isa = PBXBuildFile; fileRef = BC8DC0DBFE7237051A80496D /* OpenApiUsedPaymentInstrument.swift */; };
		BC8DCD7145DF3C34796A3A58 /* MerchantVillage.swift in Sources */ = {isa = PBXBuildFile; fileRef = BC8DCE49A43442BD3D76157A /* MerchantVillage.swift */; };
		BC8DCDA655A2F9514D97EE7D /* VillageMerchantApiRepository.swift in Sources */ = {isa = PBXBuildFile; fileRef = BC8DC23F51E9295AA22F36DF /* VillageMerchantApiRepository.swift */; };
		BC8DCDC7B2ACBC7C43DF7ED7 /* CustomerPaymentRequestMatcher.swift in Sources */ = {isa = PBXBuildFile; fileRef = BC8DCE1184FF1D77E8A918DA /* CustomerPaymentRequestMatcher.swift */; };
		BC8DCDD92268B62DDB2DCFE1 /* OpenApiHealthCheck.swift in Sources */ = {isa = PBXBuildFile; fileRef = BC8DC0463F8506F11A28F096 /* OpenApiHealthCheck.swift */; };
		BC8DCDFDFC34D2520742EE37 /* TestCustomerPaymentRequest.swift in Sources */ = {isa = PBXBuildFile; fileRef = BC8DCFF128F7CA12F90D641E /* TestCustomerPaymentRequest.swift */; };
		BC8DCEACB415B5E0B80256E3 /* HealthCheck.swift in Sources */ = {isa = PBXBuildFile; fileRef = BC8DCED58553E0C5177205F1 /* HealthCheck.swift */; };
		BC8DCEB5FA5078160E2AB26B /* OpenApiVillageMerchantApiRepository.swift in Sources */ = {isa = PBXBuildFile; fileRef = BC8DC7112DB6D6AECFA945B5 /* OpenApiVillageMerchantApiRepository.swift */; };
		BC8DCF91107C1C2BDCCB873A /* HealthCheckMatcher.swift in Sources */ = {isa = PBXBuildFile; fileRef = BC8DC79C101EEAB4F4CA3184 /* HealthCheckMatcher.swift */; };
		BC8DCF9CA609354DDA504120 /* OpenApiQRCode.swift in Sources */ = {isa = PBXBuildFile; fileRef = BC8DC2CE4D929C700B57E9AC /* OpenApiQRCode.swift */; };
		BC8DCFAC2583D6C78F94D265 /* OpenApiMerchantTransactions.swift in Sources */ = {isa = PBXBuildFile; fileRef = BC8DC114C4D7A4C44CA1910C /* OpenApiMerchantTransactions.swift */; };
		BF5F68DB64DA1919033D4A70 /* Pods_VillageWalletClientSDKReferenceTests.framework in Frameworks */ = {isa = PBXBuildFile; fileRef = 02737F1D4A13D74C79668527 /* Pods_VillageWalletClientSDKReferenceTests.framework */; };
/* End PBXBuildFile section */

/* Begin PBXContainerItemProxy section */
		89361B6424875E1B00FBED9B /* PBXContainerItemProxy */ = {
			isa = PBXContainerItemProxy;
			containerPortal = 89361B4524875E1A00FBED9B /* Project object */;
			proxyType = 1;
			remoteGlobalIDString = 89361B4C24875E1A00FBED9B;
			remoteInfo = VillageWalletClientSDKReference;
		};
		89361B6F24875E1B00FBED9B /* PBXContainerItemProxy */ = {
			isa = PBXContainerItemProxy;
			containerPortal = 89361B4524875E1A00FBED9B /* Project object */;
			proxyType = 1;
			remoteGlobalIDString = 89361B4C24875E1A00FBED9B;
			remoteInfo = VillageWalletClientSDKReference;
		};
/* End PBXContainerItemProxy section */

/* Begin PBXFileReference section */
		02737F1D4A13D74C79668527 /* Pods_VillageWalletClientSDKReferenceTests.framework */ = {isa = PBXFileReference; explicitFileType = wrapper.framework; includeInIndex = 0; path = Pods_VillageWalletClientSDKReferenceTests.framework; sourceTree = BUILT_PRODUCTS_DIR; };
		11D62C72243C26F694DFEBB5 /* Pods-VillageWalletClientSDKReference-VillageWalletClientSDKReferenceUITests.debug.xcconfig */ = {isa = PBXFileReference; includeInIndex = 1; lastKnownFileType = text.xcconfig; name = "Pods-VillageWalletClientSDKReference-VillageWalletClientSDKReferenceUITests.debug.xcconfig"; path = "Target Support Files/Pods-VillageWalletClientSDKReference-VillageWalletClientSDKReferenceUITests/Pods-VillageWalletClientSDKReference-VillageWalletClientSDKReferenceUITests.debug.xcconfig"; sourceTree = "<group>"; };
		3A18D6D7609E05DDC2CE75D6 /* Pods_VillageWalletClientSDKReference_VillageWalletClientSDKReferenceUITests.framework */ = {isa = PBXFileReference; explicitFileType = wrapper.framework; includeInIndex = 0; path = Pods_VillageWalletClientSDKReference_VillageWalletClientSDKReferenceUITests.framework; sourceTree = BUILT_PRODUCTS_DIR; };
		431ED4BC7154984CB5395D99 /* Pods-VillageWalletClientSDKReferenceTests.release.xcconfig */ = {isa = PBXFileReference; includeInIndex = 1; lastKnownFileType = text.xcconfig; name = "Pods-VillageWalletClientSDKReferenceTests.release.xcconfig"; path = "Target Support Files/Pods-VillageWalletClientSDKReferenceTests/Pods-VillageWalletClientSDKReferenceTests.release.xcconfig"; sourceTree = "<group>"; };
		7927F195CA95644BBBEB00B6 /* Pods-VillageWalletClientSDKReference.release.xcconfig */ = {isa = PBXFileReference; includeInIndex = 1; lastKnownFileType = text.xcconfig; name = "Pods-VillageWalletClientSDKReference.release.xcconfig"; path = "Target Support Files/Pods-VillageWalletClientSDKReference/Pods-VillageWalletClientSDKReference.release.xcconfig"; sourceTree = "<group>"; };
		890304CE2496F6670083F31C /* VillageWalletClientSDKReference-Swift.h */ = {isa = PBXFileReference; lastKnownFileType = sourcecode.c.h; path = "VillageWalletClientSDKReference-Swift.h"; sourceTree = "<group>"; };
		89361B4D24875E1A00FBED9B /* VillageWalletClientSDKReference.app */ = {isa = PBXFileReference; explicitFileType = wrapper.application; includeInIndex = 0; path = VillageWalletClientSDKReference.app; sourceTree = BUILT_PRODUCTS_DIR; };
		89361B5024875E1A00FBED9B /* AppDelegate.swift */ = {isa = PBXFileReference; lastKnownFileType = sourcecode.swift; path = AppDelegate.swift; sourceTree = "<group>"; };
		89361B5224875E1A00FBED9B /* SceneDelegate.swift */ = {isa = PBXFileReference; lastKnownFileType = sourcecode.swift; path = SceneDelegate.swift; sourceTree = "<group>"; };
		89361B5424875E1A00FBED9B /* PaymentConfirmViewController.swift */ = {isa = PBXFileReference; lastKnownFileType = sourcecode.swift; path = PaymentConfirmViewController.swift; sourceTree = "<group>"; };
		89361B5724875E1A00FBED9B /* Base */ = {isa = PBXFileReference; lastKnownFileType = file.storyboard; name = Base; path = Base.lproj/Main.storyboard; sourceTree = "<group>"; };
		89361B5924875E1B00FBED9B /* Assets.xcassets */ = {isa = PBXFileReference; lastKnownFileType = folder.assetcatalog; path = Assets.xcassets; sourceTree = "<group>"; };
		89361B5C24875E1B00FBED9B /* Base */ = {isa = PBXFileReference; lastKnownFileType = file.storyboard; name = Base; path = Base.lproj/LaunchScreen.storyboard; sourceTree = "<group>"; };
		89361B5E24875E1B00FBED9B /* Info.plist */ = {isa = PBXFileReference; lastKnownFileType = text.plist.xml; path = Info.plist; sourceTree = "<group>"; };
		89361B6324875E1B00FBED9B /* VillageWalletClientSDKReferenceTests.xctest */ = {isa = PBXFileReference; explicitFileType = wrapper.cfbundle; includeInIndex = 0; path = VillageWalletClientSDKReferenceTests.xctest; sourceTree = BUILT_PRODUCTS_DIR; };
		89361B6724875E1B00FBED9B /* VillageWalletClientSDKReferenceTests.swift */ = {isa = PBXFileReference; lastKnownFileType = sourcecode.swift; path = VillageWalletClientSDKReferenceTests.swift; sourceTree = "<group>"; };
		89361B6924875E1B00FBED9B /* Info.plist */ = {isa = PBXFileReference; lastKnownFileType = text.plist.xml; path = Info.plist; sourceTree = "<group>"; };
		89361B6E24875E1B00FBED9B /* VillageWalletClientSDKReferenceUITests.xctest */ = {isa = PBXFileReference; explicitFileType = wrapper.cfbundle; includeInIndex = 0; path = VillageWalletClientSDKReferenceUITests.xctest; sourceTree = BUILT_PRODUCTS_DIR; };
		89361B7224875E1B00FBED9B /* VillageWalletClientSDKReferenceUITests.swift */ = {isa = PBXFileReference; lastKnownFileType = sourcecode.swift; path = VillageWalletClientSDKReferenceUITests.swift; sourceTree = "<group>"; };
		89361B7424875E1B00FBED9B /* Info.plist */ = {isa = PBXFileReference; lastKnownFileType = text.plist.xml; path = Info.plist; sourceTree = "<group>"; };
		89361B80248767DD00FBED9B /* GradientView.swift */ = {isa = PBXFileReference; lastKnownFileType = sourcecode.swift; path = GradientView.swift; sourceTree = "<group>"; };
		89361B822487A11000FBED9B /* PaymentReceiptViewController.swift */ = {isa = PBXFileReference; lastKnownFileType = sourcecode.swift; path = PaymentReceiptViewController.swift; sourceTree = "<group>"; };
		893BD924248F3834006EA746 /* BasketItemTableViewCell.swift */ = {isa = PBXFileReference; lastKnownFileType = sourcecode.swift; path = BasketItemTableViewCell.swift; sourceTree = "<group>"; };
		8944581F2490864E003233FB /* SlideToPayBackground.swift */ = {isa = PBXFileReference; lastKnownFileType = sourcecode.swift; path = SlideToPayBackground.swift; sourceTree = "<group>"; };
		894458212490AFC0003233FB /* SlideToPay.swift */ = {isa = PBXFileReference; lastKnownFileType = sourcecode.swift; path = SlideToPay.swift; sourceTree = "<group>"; };
		8953364B249B259600A50118 /* VillageWalletClientSDKReferenceRelease.entitlements */ = {isa = PBXFileReference; lastKnownFileType = text.plist.entitlements; path = VillageWalletClientSDKReferenceRelease.entitlements; sourceTree = "<group>"; };
		895676AA24A9C756006EB5EB /* ApiResult.swift */ = {isa = PBXFileReference; lastKnownFileType = sourcecode.swift; path = ApiResult.swift; sourceTree = "<group>"; };
		895676AD24A9C83F006EB5EB /* CustomerPaymentRequest.swift */ = {isa = PBXFileReference; lastKnownFileType = sourcecode.swift; path = CustomerPaymentRequest.swift; sourceTree = "<group>"; };
		895676AF24A9C8A6006EB5EB /* Basket.swift */ = {isa = PBXFileReference; lastKnownFileType = sourcecode.swift; path = Basket.swift; sourceTree = "<group>"; };
		895676B124A9C9C1006EB5EB /* PaymentInstruments.swift */ = {isa = PBXFileReference; lastKnownFileType = sourcecode.swift; path = PaymentInstruments.swift; sourceTree = "<group>"; };
		895676B624A9CAFD006EB5EB /* OpenApiBasket.swift */ = {isa = PBXFileReference; lastKnownFileType = sourcecode.swift; path = OpenApiBasket.swift; sourceTree = "<group>"; };
		895676B824A9CB07006EB5EB /* OpenApiCustomerPaymentRequest.swift */ = {isa = PBXFileReference; lastKnownFileType = sourcecode.swift; path = OpenApiCustomerPaymentRequest.swift; sourceTree = "<group>"; };
		895676BA24A9CB11006EB5EB /* OpenApiPaymentInstruments.swift */ = {isa = PBXFileReference; lastKnownFileType = sourcecode.swift; path = OpenApiPaymentInstruments.swift; sourceTree = "<group>"; };
		895676BF24A9D082006EB5EB /* ApiAuthenticator.swift */ = {isa = PBXFileReference; lastKnownFileType = sourcecode.swift; path = ApiAuthenticator.swift; sourceTree = "<group>"; };
		895676C124A9D08E006EB5EB /* CredentialsStore.swift */ = {isa = PBXFileReference; lastKnownFileType = sourcecode.swift; path = CredentialsStore.swift; sourceTree = "<group>"; };
		895676C324A9D09A006EB5EB /* IdmTokenDetails.swift */ = {isa = PBXFileReference; lastKnownFileType = sourcecode.swift; path = IdmTokenDetails.swift; sourceTree = "<group>"; };
		895676C524A9D0AA006EB5EB /* StoringApiAuthenticator.swift */ = {isa = PBXFileReference; lastKnownFileType = sourcecode.swift; path = StoringApiAuthenticator.swift; sourceTree = "<group>"; };
		898F80E924889D2000402105 /* BottomSheet.swift */ = {isa = PBXFileReference; lastKnownFileType = sourcecode.swift; path = BottomSheet.swift; sourceTree = "<group>"; };
		89B3B02D24AAE3B100494A00 /* VillageOptions.swift */ = {isa = PBXFileReference; lastKnownFileType = sourcecode.swift; path = VillageOptions.swift; sourceTree = "<group>"; };
		89B3B02F24AAE4C800494A00 /* RequestHeaderFactory.swift */ = {isa = PBXFileReference; lastKnownFileType = sourcecode.swift; path = RequestHeaderFactory.swift; sourceTree = "<group>"; };
		89B3B03124AAE4DD00494A00 /* RequestHeadersFactory.swift */ = {isa = PBXFileReference; lastKnownFileType = sourcecode.swift; path = RequestHeadersFactory.swift; sourceTree = "<group>"; };
		89B3B03324AAE4EB00494A00 /* RequestHeaderChain.swift */ = {isa = PBXFileReference; lastKnownFileType = sourcecode.swift; path = RequestHeaderChain.swift; sourceTree = "<group>"; };
		89B3B03524AAE4FD00494A00 /* BearerTokenRequestHeader.swift */ = {isa = PBXFileReference; lastKnownFileType = sourcecode.swift; path = BearerTokenRequestHeader.swift; sourceTree = "<group>"; };
		89B3B03724AAE51000494A00 /* ApiKeyRequestHeader.swift */ = {isa = PBXFileReference; lastKnownFileType = sourcecode.swift; path = ApiKeyRequestHeader.swift; sourceTree = "<group>"; };
		BC8DC0463F8506F11A28F096 /* OpenApiHealthCheck.swift */ = {isa = PBXFileReference; fileEncoding = 4; lastKnownFileType = sourcecode.swift; path = OpenApiHealthCheck.swift; sourceTree = "<group>"; };
		BC8DC0988D35029EE636C3F3 /* TestPaymentInstrument.swift */ = {isa = PBXFileReference; fileEncoding = 4; lastKnownFileType = sourcecode.swift; name = TestPaymentInstrument.swift; path = "sdk-tests/data/TestPaymentInstrument.swift"; sourceTree = "<group>"; };
		BC8DC0DBFE7237051A80496D /* OpenApiUsedPaymentInstrument.swift */ = {isa = PBXFileReference; fileEncoding = 4; lastKnownFileType = sourcecode.swift; path = OpenApiUsedPaymentInstrument.swift; sourceTree = "<group>"; };
		BC8DC0ECA3DB6DB7A15F37F6 /* StringMatchers.swift */ = {isa = PBXFileReference; fileEncoding = 4; lastKnownFileType = sourcecode.swift; name = StringMatchers.swift; path = "sdk-tests/matchers/StringMatchers.swift"; sourceTree = "<group>"; };
		BC8DC114C4D7A4C44CA1910C /* OpenApiMerchantTransactions.swift */ = {isa = PBXFileReference; fileEncoding = 4; lastKnownFileType = sourcecode.swift; path = OpenApiMerchantTransactions.swift; sourceTree = "<group>"; };
		BC8DC1189CD7904CAA8C9FEC /* CreatePaymentSessionRequest.swift */ = {isa = PBXFileReference; fileEncoding = 4; lastKnownFileType = sourcecode.swift; name = CreatePaymentSessionRequest.swift; path = sdk/model/CreatePaymentSessionRequest.swift; sourceTree = "<group>"; };
		BC8DC173D294F76016ABDFCA /* PaymentInstrumentAddition.swift */ = {isa = PBXFileReference; fileEncoding = 4; lastKnownFileType = sourcecode.swift; name = PaymentInstrumentAddition.swift; path = sdk/model/PaymentInstrumentAddition.swift; sourceTree = "<group>"; };
		BC8DC17CF8FC06826C7F8B01 /* CustomerLoginApiAuthenticator.swift */ = {isa = PBXFileReference; fileEncoding = 4; lastKnownFileType = sourcecode.swift; path = CustomerLoginApiAuthenticator.swift; sourceTree = "<group>"; };
		BC8DC1A1840EA92E63797D9B /* UpdatePaymentSessionRequest.swift */ = {isa = PBXFileReference; fileEncoding = 4; lastKnownFileType = sourcecode.swift; name = UpdatePaymentSessionRequest.swift; path = sdk/model/UpdatePaymentSessionRequest.swift; sourceTree = "<group>"; };
		BC8DC2191B05344A50B4EEF6 /* TestMerchantSchema.swift */ = {isa = PBXFileReference; fileEncoding = 4; lastKnownFileType = sourcecode.swift; name = TestMerchantSchema.swift; path = "sdk-tests/data/TestMerchantSchema.swift"; sourceTree = "<group>"; };
		BC8DC22EAE63A1A61D35215A /* DynamicPayload.swift */ = {isa = PBXFileReference; fileEncoding = 4; lastKnownFileType = sourcecode.swift; name = DynamicPayload.swift; path = sdk/model/DynamicPayload.swift; sourceTree = "<group>"; };
		BC8DC23F51E9295AA22F36DF /* VillageMerchantApiRepository.swift */ = {isa = PBXFileReference; fileEncoding = 4; lastKnownFileType = sourcecode.swift; path = VillageMerchantApiRepository.swift; sourceTree = "<group>"; };
		BC8DC2674ADAC0E670F97AF4 /* VillageAdministrationApiRepository.swift */ = {isa = PBXFileReference; fileEncoding = 4; lastKnownFileType = sourcecode.swift; path = VillageAdministrationApiRepository.swift; sourceTree = "<group>"; };
		BC8DC2CE4D929C700B57E9AC /* OpenApiQRCode.swift */ = {isa = PBXFileReference; fileEncoding = 4; lastKnownFileType = sourcecode.swift; path = OpenApiQRCode.swift; sourceTree = "<group>"; };
		BC8DC2F67ECD60D4EAF07C0C /* OpenApiSdkFactory.swift */ = {isa = PBXFileReference; fileEncoding = 4; lastKnownFileType = sourcecode.swift; name = OpenApiSdkFactory.swift; path = "sdk-tests/openapi/OpenApiSdkFactory.swift"; sourceTree = "<group>"; };
		BC8DC33A051FDBDC01155D1C /* MerchantTransactions.swift */ = {isa = PBXFileReference; fileEncoding = 4; lastKnownFileType = sourcecode.swift; name = MerchantTransactions.swift; path = sdk/model/MerchantTransactions.swift; sourceTree = "<group>"; };
		BC8DC3449CA2C401D8CA6769 /* PaymentSessionMatchers.swift */ = {isa = PBXFileReference; fileEncoding = 4; lastKnownFileType = sourcecode.swift; name = PaymentSessionMatchers.swift; path = "sdk-tests/matchers/PaymentSessionMatchers.swift"; sourceTree = "<group>"; };
		BC8DC350586B8F4AEB8D7859 /* CustomerVillage.swift */ = {isa = PBXFileReference; fileEncoding = 4; lastKnownFileType = sourcecode.swift; path = CustomerVillage.swift; sourceTree = "<group>"; };
		BC8DC3723D0717E74F1532EB /* PosPayload.swift */ = {isa = PBXFileReference; fileEncoding = 4; lastKnownFileType = sourcecode.swift; name = PosPayload.swift; path = sdk/model/PosPayload.swift; sourceTree = "<group>"; };
		BC8DC396A9D1CF1FC29D6C29 /* TestBasket.swift */ = {isa = PBXFileReference; fileEncoding = 4; lastKnownFileType = sourcecode.swift; name = TestBasket.swift; path = "sdk-tests/data/TestBasket.swift"; sourceTree = "<group>"; };
		BC8DC3BC3D22FF13944D9F50 /* PaymentInstrumentAdditionResult.swift */ = {isa = PBXFileReference; fileEncoding = 4; lastKnownFileType = sourcecode.swift; name = PaymentInstrumentAdditionResult.swift; path = sdk/model/PaymentInstrumentAdditionResult.swift; sourceTree = "<group>"; };
		BC8DC466B954ABFEC5B385A1 /* CustomerTranssactions.swift */ = {isa = PBXFileReference; fileEncoding = 4; lastKnownFileType = sourcecode.swift; name = CustomerTranssactions.swift; path = sdk/model/CustomerTranssactions.swift; sourceTree = "<group>"; };
		BC8DC4729C2C330C30D10AD3 /* QRCodePaymentReferenceType.swift */ = {isa = PBXFileReference; fileEncoding = 4; lastKnownFileType = sourcecode.swift; name = QRCodePaymentReferenceType.swift; path = sdk/model/QRCodePaymentReferenceType.swift; sourceTree = "<group>"; };
		BC8DC47AEC924A7732AD3F22 /* NewPaymentRequestQRCode.swift */ = {isa = PBXFileReference; fileEncoding = 4; lastKnownFileType = sourcecode.swift; name = NewPaymentRequestQRCode.swift; path = sdk/model/NewPaymentRequestQRCode.swift; sourceTree = "<group>"; };
		BC8DC522556D79D5D27B245B /* CreatePaymentRequestResult.swift */ = {isa = PBXFileReference; fileEncoding = 4; lastKnownFileType = sourcecode.swift; name = CreatePaymentRequestResult.swift; path = sdk/model/CreatePaymentRequestResult.swift; sourceTree = "<group>"; };
		BC8DC5407D915424F2C7FE7F /* OpenApiPaymentSession.swift */ = {isa = PBXFileReference; fileEncoding = 4; lastKnownFileType = sourcecode.swift; path = OpenApiPaymentSession.swift; sourceTree = "<group>"; };
		BC8DC5508B092D97EB3BB196 /* OpenApiClientFactory.swift */ = {isa = PBXFileReference; fileEncoding = 4; lastKnownFileType = sourcecode.swift; path = OpenApiClientFactory.swift; sourceTree = "<group>"; };
		BC8DC57FB20AC692C97E9330 /* TestTransactionRefundDetails.swift */ = {isa = PBXFileReference; fileEncoding = 4; lastKnownFileType = sourcecode.swift; name = TestTransactionRefundDetails.swift; path = "sdk-tests/data/TestTransactionRefundDetails.swift"; sourceTree = "<group>"; };
		BC8DC5AF06A47A401654CB26 /* TransactionRefundDetails.swift */ = {isa = PBXFileReference; fileEncoding = 4; lastKnownFileType = sourcecode.swift; name = TransactionRefundDetails.swift; path = sdk/model/TransactionRefundDetails.swift; sourceTree = "<group>"; };
		BC8DC5C6960507ED05D15E09 /* VillageCustomerApiRepositoryTest.swift */ = {isa = PBXFileReference; fileEncoding = 4; lastKnownFileType = sourcecode.swift; name = VillageCustomerApiRepositoryTest.swift; path = "sdk-tests/VillageCustomerApiRepositoryTest.swift"; sourceTree = "<group>"; };
		BC8DC5C6EB60A8F5FF8E2CFD /* NewPaymentRequest.swift */ = {isa = PBXFileReference; fileEncoding = 4; lastKnownFileType = sourcecode.swift; name = NewPaymentRequest.swift; path = sdk/model/NewPaymentRequest.swift; sourceTree = "<group>"; };
		BC8DC67691842FAA3A8D12D8 /* CustomerTransactionsMatchers.swift */ = {isa = PBXFileReference; fileEncoding = 4; lastKnownFileType = sourcecode.swift; name = CustomerTransactionsMatchers.swift; path = "sdk-tests/matchers/CustomerTransactionsMatchers.swift"; sourceTree = "<group>"; };
		BC8DC70A56977E2C39130E44 /* ApiResultMatchers.swift */ = {isa = PBXFileReference; fileEncoding = 4; lastKnownFileType = sourcecode.swift; name = ApiResultMatchers.swift; path = "sdk-tests/matchers/ApiResultMatchers.swift"; sourceTree = "<group>"; };
		BC8DC7112DB6D6AECFA945B5 /* OpenApiVillageMerchantApiRepository.swift */ = {isa = PBXFileReference; fileEncoding = 4; lastKnownFileType = sourcecode.swift; path = OpenApiVillageMerchantApiRepository.swift; sourceTree = "<group>"; };
		BC8DC769894DE27419C0E0E2 /* Wallet.swift */ = {isa = PBXFileReference; fileEncoding = 4; lastKnownFileType = sourcecode.swift; path = Wallet.swift; sourceTree = "<group>"; };
		BC8DC76AC163E8332A833356 /* PaymentInstrumentMatchers.swift */ = {isa = PBXFileReference; fileEncoding = 4; lastKnownFileType = sourcecode.swift; name = PaymentInstrumentMatchers.swift; path = "sdk-tests/matchers/PaymentInstrumentMatchers.swift"; sourceTree = "<group>"; };
		BC8DC79C101EEAB4F4CA3184 /* HealthCheckMatcher.swift */ = {isa = PBXFileReference; fileEncoding = 4; lastKnownFileType = sourcecode.swift; name = HealthCheckMatcher.swift; path = "sdk-tests/matchers/HealthCheckMatcher.swift"; sourceTree = "<group>"; };
		BC8DC7B389ED3D03F0B90EFF /* Payment.swift */ = {isa = PBXFileReference; fileEncoding = 4; lastKnownFileType = sourcecode.swift; name = Payment.swift; path = sdk/model/Payment.swift; sourceTree = "<group>"; };
		BC8DC80345A38F159B5F1566 /* OpenApiCreatePaymentSessionResult.swift */ = {isa = PBXFileReference; fileEncoding = 4; lastKnownFileType = sourcecode.swift; path = OpenApiCreatePaymentSessionResult.swift; sourceTree = "<group>"; };
		BC8DC84EBB23F49C5ADA0DDC /* MerchantSchemas.swift */ = {isa = PBXFileReference; fileEncoding = 4; lastKnownFileType = sourcecode.swift; name = MerchantSchemas.swift; path = sdk/model/MerchantSchemas.swift; sourceTree = "<group>"; };
		BC8DC85DF804656C03DBBC89 /* README.md */ = {isa = PBXFileReference; fileEncoding = 4; lastKnownFileType = net.daringfireball.markdown; path = README.md; sourceTree = "<group>"; };
		BC8DC8869272757D9B72C68F /* OpenApiMerchantPayments.swift */ = {isa = PBXFileReference; fileEncoding = 4; lastKnownFileType = sourcecode.swift; path = OpenApiMerchantPayments.swift; sourceTree = "<group>"; };
		BC8DC8BA1E5A592007279858 /* BasketMatcher.swift */ = {isa = PBXFileReference; fileEncoding = 4; lastKnownFileType = sourcecode.swift; name = BasketMatcher.swift; path = "sdk-tests/matchers/BasketMatcher.swift"; sourceTree = "<group>"; };
		BC8DC8F82D1EC3FD68E7E103 /* TestNewPaymentRequestQRCode.swift */ = {isa = PBXFileReference; fileEncoding = 4; lastKnownFileType = sourcecode.swift; name = TestNewPaymentRequestQRCode.swift; path = "sdk-tests/data/TestNewPaymentRequestQRCode.swift"; sourceTree = "<group>"; };
		BC8DC94093FFE747CCA81F6D /* TestNewPaymentRequest.swift */ = {isa = PBXFileReference; fileEncoding = 4; lastKnownFileType = sourcecode.swift; name = TestNewPaymentRequest.swift; path = "sdk-tests/data/TestNewPaymentRequest.swift"; sourceTree = "<group>"; };
		BC8DC95CD439839A35B44C21 /* TransactionSummary.swift */ = {isa = PBXFileReference; fileEncoding = 4; lastKnownFileType = sourcecode.swift; name = TransactionSummary.swift; path = sdk/model/TransactionSummary.swift; sourceTree = "<group>"; };
		BC8DC9B4088437FDBCC3883A /* MerchantPayload.swift */ = {isa = PBXFileReference; fileEncoding = 4; lastKnownFileType = sourcecode.swift; name = MerchantPayload.swift; path = sdk/model/MerchantPayload.swift; sourceTree = "<group>"; };
		BC8DCA0A1C10ADF70D5024FD /* OpenApiPaymentInstrumentAdditionResult.swift */ = {isa = PBXFileReference; fileEncoding = 4; lastKnownFileType = sourcecode.swift; path = OpenApiPaymentInstrumentAdditionResult.swift; sourceTree = "<group>"; };
		BC8DCA1744989720951D6073 /* WalletIdRequestHeader.swift */ = {isa = PBXFileReference; fileEncoding = 4; lastKnownFileType = sourcecode.swift; path = WalletIdRequestHeader.swift; sourceTree = "<group>"; };
		BC8DCA60254FB6C96936F22E /* OpenApiMerchantSchemas.swift */ = {isa = PBXFileReference; fileEncoding = 4; lastKnownFileType = sourcecode.swift; path = OpenApiMerchantSchemas.swift; sourceTree = "<group>"; };
		BC8DCA9A737AF79C8D9DDF17 /* TestUpdatePaymentSessionRequest.swift */ = {isa = PBXFileReference; fileEncoding = 4; lastKnownFileType = sourcecode.swift; name = TestUpdatePaymentSessionRequest.swift; path = "sdk-tests/data/TestUpdatePaymentSessionRequest.swift"; sourceTree = "<group>"; };
		BC8DCAD7364A5773CE6CFE0F /* Date.swift */ = {isa = PBXFileReference; fileEncoding = 4; lastKnownFileType = sourcecode.swift; name = Date.swift; path = "sdk-tests/Date.swift"; sourceTree = "<group>"; };
		BC8DCB21D3C092580787E710 /* QRCode.swift */ = {isa = PBXFileReference; fileEncoding = 4; lastKnownFileType = sourcecode.swift; name = QRCode.swift; path = sdk/model/QRCode.swift; sourceTree = "<group>"; };
		BC8DCB2FB5CD40C06D3484FA /* OpenApiPosPayload.swift */ = {isa = PBXFileReference; fileEncoding = 4; lastKnownFileType = sourcecode.swift; path = OpenApiPosPayload.swift; sourceTree = "<group>"; };
		BC8DCB3D3484667C74B59142 /* TestMerchantPayloads.swift */ = {isa = PBXFileReference; fileEncoding = 4; lastKnownFileType = sourcecode.swift; name = TestMerchantPayloads.swift; path = "sdk-tests/data/TestMerchantPayloads.swift"; sourceTree = "<group>"; };
		BC8DCB5CB8CAC6336546A01F /* QRCodeMatcher.swift */ = {isa = PBXFileReference; fileEncoding = 4; lastKnownFileType = sourcecode.swift; name = QRCodeMatcher.swift; path = "sdk-tests/matchers/QRCodeMatcher.swift"; sourceTree = "<group>"; };
		BC8DCB861395BFE95C5B22DC /* VillageCustomerApiRepository.swift */ = {isa = PBXFileReference; fileEncoding = 4; lastKnownFileType = sourcecode.swift; path = VillageCustomerApiRepository.swift; sourceTree = "<group>"; };
		BC8DCBBFBDE257A2BC5DDF95 /* Currency.swift */ = {isa = PBXFileReference; fileEncoding = 4; lastKnownFileType = sourcecode.swift; path = Currency.swift; sourceTree = "<group>"; };
		BC8DCC2E62AD6F2DFBA8CDCF /* MerchantPayments.swift */ = {isa = PBXFileReference; fileEncoding = 4; lastKnownFileType = sourcecode.swift; name = MerchantPayments.swift; path = sdk/model/MerchantPayments.swift; sourceTree = "<group>"; };
		BC8DCC3BC706680502B46F49 /* OpenApiVillageCustomerApiRepository.swift */ = {isa = PBXFileReference; fileEncoding = 4; lastKnownFileType = sourcecode.swift; path = OpenApiVillageCustomerApiRepository.swift; sourceTree = "<group>"; };
		BC8DCCAC2BF5461CF66F9D65 /* CreatePaymentSessionResult.swift */ = {isa = PBXFileReference; fileEncoding = 4; lastKnownFileType = sourcecode.swift; name = CreatePaymentSessionResult.swift; path = sdk/model/CreatePaymentSessionResult.swift; sourceTree = "<group>"; };
		BC8DCCE36A27028884BB51DB /* OpenApiCustomerTransactions.swift */ = {isa = PBXFileReference; fileEncoding = 4; lastKnownFileType = sourcecode.swift; path = OpenApiCustomerTransactions.swift; sourceTree = "<group>"; };
		BC8DCD0E6D1A59844EEAAC40 /* SdkFactory.swift */ = {isa = PBXFileReference; fileEncoding = 4; lastKnownFileType = sourcecode.swift; name = SdkFactory.swift; path = "sdk-tests/SdkFactory.swift"; sourceTree = "<group>"; };
		BC8DCD9BCD73C1B1812E90FF /* VillageFactory.swift */ = {isa = PBXFileReference; fileEncoding = 4; lastKnownFileType = sourcecode.swift; path = VillageFactory.swift; sourceTree = "<group>"; };
		BC8DCDE61D0D54984F12CC31 /* Configurable.swift */ = {isa = PBXFileReference; fileEncoding = 4; lastKnownFileType = sourcecode.swift; path = Configurable.swift; sourceTree = "<group>"; };
		BC8DCE1184FF1D77E8A918DA /* CustomerPaymentRequestMatcher.swift */ = {isa = PBXFileReference; fileEncoding = 4; lastKnownFileType = sourcecode.swift; name = CustomerPaymentRequestMatcher.swift; path = "sdk-tests/matchers/CustomerPaymentRequestMatcher.swift"; sourceTree = "<group>"; };
		BC8DCE2570704118F5AF02B5 /* OpenApiDynamicPayload.swift */ = {isa = PBXFileReference; fileEncoding = 4; lastKnownFileType = sourcecode.swift; path = OpenApiDynamicPayload.swift; sourceTree = "<group>"; };
		BC8DCE49A43442BD3D76157A /* MerchantVillage.swift */ = {isa = PBXFileReference; fileEncoding = 4; lastKnownFileType = sourcecode.swift; path = MerchantVillage.swift; sourceTree = "<group>"; };
		BC8DCE74A353793F26E40249 /* PaymentSession.swift */ = {isa = PBXFileReference; fileEncoding = 4; lastKnownFileType = sourcecode.swift; name = PaymentSession.swift; path = sdk/model/PaymentSession.swift; sourceTree = "<group>"; };
		BC8DCE8280FE65C0D749A5C6 /* OpenApiMerchantPayload.swift */ = {isa = PBXFileReference; fileEncoding = 4; lastKnownFileType = sourcecode.swift; path = OpenApiMerchantPayload.swift; sourceTree = "<group>"; };
		BC8DCED58553E0C5177205F1 /* HealthCheck.swift */ = {isa = PBXFileReference; fileEncoding = 4; lastKnownFileType = sourcecode.swift; path = HealthCheck.swift; sourceTree = "<group>"; };
		BC8DCF107C5271E81EA17D6C /* TestCreatePaymentSessionRequest.swift */ = {isa = PBXFileReference; fileEncoding = 4; lastKnownFileType = sourcecode.swift; name = TestCreatePaymentSessionRequest.swift; path = "sdk-tests/data/TestCreatePaymentSessionRequest.swift"; sourceTree = "<group>"; };
		BC8DCF431E62BF00538CED56 /* HeaderNames.swift */ = {isa = PBXFileReference; fileEncoding = 4; lastKnownFileType = sourcecode.swift; path = HeaderNames.swift; sourceTree = "<group>"; };
		BC8DCFD1397C3160AC0E91A7 /* OpenApiCreatePaymentRequestResult.swift */ = {isa = PBXFileReference; fileEncoding = 4; lastKnownFileType = sourcecode.swift; path = OpenApiCreatePaymentRequestResult.swift; sourceTree = "<group>"; };
		BC8DCFF128F7CA12F90D641E /* TestCustomerPaymentRequest.swift */ = {isa = PBXFileReference; fileEncoding = 4; lastKnownFileType = sourcecode.swift; name = TestCustomerPaymentRequest.swift; path = "sdk-tests/data/TestCustomerPaymentRequest.swift"; sourceTree = "<group>"; };
		BE866BA74DC7D917D6E56C2E /* Pods_VillageWalletClientSDKReference.framework */ = {isa = PBXFileReference; explicitFileType = wrapper.framework; includeInIndex = 0; path = Pods_VillageWalletClientSDKReference.framework; sourceTree = BUILT_PRODUCTS_DIR; };
		C2A3DAA88D24E469D4DC7243 /* Pods-VillageWalletClientSDKReference-VillageWalletClientSDKReferenceUITests.release.xcconfig */ = {isa = PBXFileReference; includeInIndex = 1; lastKnownFileType = text.xcconfig; name = "Pods-VillageWalletClientSDKReference-VillageWalletClientSDKReferenceUITests.release.xcconfig"; path = "Target Support Files/Pods-VillageWalletClientSDKReference-VillageWalletClientSDKReferenceUITests/Pods-VillageWalletClientSDKReference-VillageWalletClientSDKReferenceUITests.release.xcconfig"; sourceTree = "<group>"; };
		C3130BE38596A2EA5576C20F /* Pods-VillageWalletClientSDKReferenceTests.debug.xcconfig */ = {isa = PBXFileReference; includeInIndex = 1; lastKnownFileType = text.xcconfig; name = "Pods-VillageWalletClientSDKReferenceTests.debug.xcconfig"; path = "Target Support Files/Pods-VillageWalletClientSDKReferenceTests/Pods-VillageWalletClientSDKReferenceTests.debug.xcconfig"; sourceTree = "<group>"; };
		D5E5363D2B732621FCBDAB0E /* Pods-VillageWalletClientSDKReference.debug.xcconfig */ = {isa = PBXFileReference; includeInIndex = 1; lastKnownFileType = text.xcconfig; name = "Pods-VillageWalletClientSDKReference.debug.xcconfig"; path = "Target Support Files/Pods-VillageWalletClientSDKReference/Pods-VillageWalletClientSDKReference.debug.xcconfig"; sourceTree = "<group>"; };
/* End PBXFileReference section */

/* Begin PBXFrameworksBuildPhase section */
		89361B4A24875E1A00FBED9B /* Frameworks */ = {
			isa = PBXFrameworksBuildPhase;
			buildActionMask = 2147483647;
			files = (
				0D0C66376A43AEB780F35E5D /* Pods_VillageWalletClientSDKReference.framework in Frameworks */,
			);
			runOnlyForDeploymentPostprocessing = 0;
		};
		89361B6024875E1B00FBED9B /* Frameworks */ = {
			isa = PBXFrameworksBuildPhase;
			buildActionMask = 2147483647;
			files = (
				BF5F68DB64DA1919033D4A70 /* Pods_VillageWalletClientSDKReferenceTests.framework in Frameworks */,
			);
			runOnlyForDeploymentPostprocessing = 0;
		};
		89361B6B24875E1B00FBED9B /* Frameworks */ = {
			isa = PBXFrameworksBuildPhase;
			buildActionMask = 2147483647;
			files = (
				297427E79E272D43ED4E7AE9 /* Pods_VillageWalletClientSDKReference_VillageWalletClientSDKReferenceUITests.framework in Frameworks */,
			);
			runOnlyForDeploymentPostprocessing = 0;
		};
/* End PBXFrameworksBuildPhase section */

/* Begin PBXGroup section */
		0EF3764A56028CD16E7FEBEA /* Frameworks */ = {
			isa = PBXGroup;
			children = (
				BE866BA74DC7D917D6E56C2E /* Pods_VillageWalletClientSDKReference.framework */,
				3A18D6D7609E05DDC2CE75D6 /* Pods_VillageWalletClientSDKReference_VillageWalletClientSDKReferenceUITests.framework */,
				02737F1D4A13D74C79668527 /* Pods_VillageWalletClientSDKReferenceTests.framework */,
				BC8DC85DF804656C03DBBC89 /* README.md */,
				BC8DC5C6960507ED05D15E09 /* VillageCustomerApiRepositoryTest.swift */,
				BC8DCD0E6D1A59844EEAAC40 /* SdkFactory.swift */,
				BC8DC2F67ECD60D4EAF07C0C /* OpenApiSdkFactory.swift */,
				BC8DC70A56977E2C39130E44 /* ApiResultMatchers.swift */,
				BC8DC67691842FAA3A8D12D8 /* CustomerTransactionsMatchers.swift */,
				BC8DC0ECA3DB6DB7A15F37F6 /* StringMatchers.swift */,
				BC8DCAD7364A5773CE6CFE0F /* Date.swift */,
				BC8DC8BA1E5A592007279858 /* BasketMatcher.swift */,
				BC8DCE1184FF1D77E8A918DA /* CustomerPaymentRequestMatcher.swift */,
				BC8DC396A9D1CF1FC29D6C29 /* TestBasket.swift */,
				BC8DCF107C5271E81EA17D6C /* TestCreatePaymentSessionRequest.swift */,
				BC8DCFF128F7CA12F90D641E /* TestCustomerPaymentRequest.swift */,
				BC8DCB3D3484667C74B59142 /* TestMerchantPayloads.swift */,
				BC8DC2191B05344A50B4EEF6 /* TestMerchantSchema.swift */,
				BC8DC94093FFE747CCA81F6D /* TestNewPaymentRequest.swift */,
				BC8DC8F82D1EC3FD68E7E103 /* TestNewPaymentRequestQRCode.swift */,
				BC8DC0988D35029EE636C3F3 /* TestPaymentInstrument.swift */,
				BC8DC57FB20AC692C97E9330 /* TestTransactionRefundDetails.swift */,
				BC8DCA9A737AF79C8D9DDF17 /* TestUpdatePaymentSessionRequest.swift */,
				BC8DC76AC163E8332A833356 /* PaymentInstrumentMatchers.swift */,
				BC8DC3449CA2C401D8CA6769 /* PaymentSessionMatchers.swift */,
				BC8DCB5CB8CAC6336546A01F /* QRCodeMatcher.swift */,
				BC8DC79C101EEAB4F4CA3184 /* HealthCheckMatcher.swift */,
			);
			name = Frameworks;
			sourceTree = "<group>";
		};
		89361B4424875E1A00FBED9B = {
			isa = PBXGroup;
			children = (
				895676A724A9BBB2006EB5EB /* sdk */,
				89361B4F24875E1A00FBED9B /* VillageWalletClientSDKReference */,
				89361B6624875E1B00FBED9B /* VillageWalletClientSDKReferenceTests */,
				89361B7124875E1B00FBED9B /* VillageWalletClientSDKReferenceUITests */,
				89361B4E24875E1A00FBED9B /* Products */,
				D8568702C6D8E515D700072A /* Pods */,
				0EF3764A56028CD16E7FEBEA /* Frameworks */,
				BC8DC522556D79D5D27B245B /* CreatePaymentRequestResult.swift */,
				BC8DC1189CD7904CAA8C9FEC /* CreatePaymentSessionRequest.swift */,
				BC8DCCAC2BF5461CF66F9D65 /* CreatePaymentSessionResult.swift */,
				BC8DC466B954ABFEC5B385A1 /* CustomerTranssactions.swift */,
				BC8DC22EAE63A1A61D35215A /* DynamicPayload.swift */,
				BC8DC9B4088437FDBCC3883A /* MerchantPayload.swift */,
				BC8DCC2E62AD6F2DFBA8CDCF /* MerchantPayments.swift */,
				BC8DC84EBB23F49C5ADA0DDC /* MerchantSchemas.swift */,
				BC8DC33A051FDBDC01155D1C /* MerchantTransactions.swift */,
				BC8DC5C6EB60A8F5FF8E2CFD /* NewPaymentRequest.swift */,
				BC8DC47AEC924A7732AD3F22 /* NewPaymentRequestQRCode.swift */,
				BC8DC7B389ED3D03F0B90EFF /* Payment.swift */,
				BC8DC173D294F76016ABDFCA /* PaymentInstrumentAddition.swift */,
				BC8DC3BC3D22FF13944D9F50 /* PaymentInstrumentAdditionResult.swift */,
				BC8DCE74A353793F26E40249 /* PaymentSession.swift */,
				BC8DC3723D0717E74F1532EB /* PosPayload.swift */,
				BC8DCB21D3C092580787E710 /* QRCode.swift */,
				BC8DC4729C2C330C30D10AD3 /* QRCodePaymentReferenceType.swift */,
				BC8DC5AF06A47A401654CB26 /* TransactionRefundDetails.swift */,
				BC8DC95CD439839A35B44C21 /* TransactionSummary.swift */,
				BC8DC1A1840EA92E63797D9B /* UpdatePaymentSessionRequest.swift */,
			);
			sourceTree = "<group>";
		};
		89361B4E24875E1A00FBED9B /* Products */ = {
			isa = PBXGroup;
			children = (
				89361B4D24875E1A00FBED9B /* VillageWalletClientSDKReference.app */,
				89361B6324875E1B00FBED9B /* VillageWalletClientSDKReferenceTests.xctest */,
				89361B6E24875E1B00FBED9B /* VillageWalletClientSDKReferenceUITests.xctest */,
			);
			name = Products;
			sourceTree = "<group>";
		};
		89361B4F24875E1A00FBED9B /* VillageWalletClientSDKReference */ = {
			isa = PBXGroup;
			children = (
				8953364B249B259600A50118 /* VillageWalletClientSDKReferenceRelease.entitlements */,
				89361B5024875E1A00FBED9B /* AppDelegate.swift */,
				89361B5924875E1B00FBED9B /* Assets.xcassets */,
				893BD924248F3834006EA746 /* BasketItemTableViewCell.swift */,
				898F80E924889D2000402105 /* BottomSheet.swift */,
				89361B80248767DD00FBED9B /* GradientView.swift */,
				89361B5E24875E1B00FBED9B /* Info.plist */,
				89361B5B24875E1B00FBED9B /* LaunchScreen.storyboard */,
				89361B5624875E1A00FBED9B /* Main.storyboard */,
				89361B5424875E1A00FBED9B /* PaymentConfirmViewController.swift */,
				89361B822487A11000FBED9B /* PaymentReceiptViewController.swift */,
				89361B5224875E1A00FBED9B /* SceneDelegate.swift */,
				894458212490AFC0003233FB /* SlideToPay.swift */,
				8944581F2490864E003233FB /* SlideToPayBackground.swift */,
				890304CE2496F6670083F31C /* VillageWalletClientSDKReference-Swift.h */,
				BC8DCBBFBDE257A2BC5DDF95 /* Currency.swift */,
				BC8DCD9BCD73C1B1812E90FF /* VillageFactory.swift */,
			);
			path = VillageWalletClientSDKReference;
			sourceTree = "<group>";
		};
		89361B6624875E1B00FBED9B /* VillageWalletClientSDKReferenceTests */ = {
			isa = PBXGroup;
			children = (
				89361B6724875E1B00FBED9B /* VillageWalletClientSDKReferenceTests.swift */,
				89361B6924875E1B00FBED9B /* Info.plist */,
			);
			path = VillageWalletClientSDKReferenceTests;
			sourceTree = "<group>";
		};
		89361B7124875E1B00FBED9B /* VillageWalletClientSDKReferenceUITests */ = {
			isa = PBXGroup;
			children = (
				89361B7224875E1B00FBED9B /* VillageWalletClientSDKReferenceUITests.swift */,
				89361B7424875E1B00FBED9B /* Info.plist */,
			);
			path = VillageWalletClientSDKReferenceUITests;
			sourceTree = "<group>";
		};
		895676A724A9BBB2006EB5EB /* sdk */ = {
			isa = PBXGroup;
			children = (
				895676BE24A9D073006EB5EB /* auth */,
				895676AC24A9C80D006EB5EB /* model */,
				89B3B03724AAE51000494A00 /* ApiKeyRequestHeader.swift */,
				895676AA24A9C756006EB5EB /* ApiResult.swift */,
				89B3B03524AAE4FD00494A00 /* BearerTokenRequestHeader.swift */,
				89B3B03324AAE4EB00494A00 /* RequestHeaderChain.swift */,
				89B3B02F24AAE4C800494A00 /* RequestHeaderFactory.swift */,
				89B3B03124AAE4DD00494A00 /* RequestHeadersFactory.swift */,
				89B3B02D24AAE3B100494A00 /* VillageOptions.swift */,
				BC8DCB861395BFE95C5B22DC /* VillageCustomerApiRepository.swift */,
				BC8DC41506E61319E753F534 /* openapi */,
				BC8DC350586B8F4AEB8D7859 /* CustomerVillage.swift */,
				BC8DCDE61D0D54984F12CC31 /* Configurable.swift */,
				BC8DCF431E62BF00538CED56 /* HeaderNames.swift */,
				BC8DCA1744989720951D6073 /* WalletIdRequestHeader.swift */,
				BC8DC769894DE27419C0E0E2 /* Wallet.swift */,
				BC8DC2674ADAC0E670F97AF4 /* VillageAdministrationApiRepository.swift */,
				BC8DC23F51E9295AA22F36DF /* VillageMerchantApiRepository.swift */,
				BC8DCE49A43442BD3D76157A /* MerchantVillage.swift */,
			);
			path = sdk;
			sourceTree = "<group>";
		};
		895676AC24A9C80D006EB5EB /* model */ = {
			isa = PBXGroup;
			children = (
				895676B524A9CADA006EB5EB /* openapi */,
				895676AD24A9C83F006EB5EB /* CustomerPaymentRequest.swift */,
				895676AF24A9C8A6006EB5EB /* Basket.swift */,
				895676B124A9C9C1006EB5EB /* PaymentInstruments.swift */,
				BC8DCED58553E0C5177205F1 /* HealthCheck.swift */,
			);
			path = model;
			sourceTree = "<group>";
		};
		895676B524A9CADA006EB5EB /* openapi */ = {
			isa = PBXGroup;
			children = (
				895676B624A9CAFD006EB5EB /* OpenApiBasket.swift */,
				895676B824A9CB07006EB5EB /* OpenApiCustomerPaymentRequest.swift */,
				895676BA24A9CB11006EB5EB /* OpenApiPaymentInstruments.swift */,
				BC8DC0463F8506F11A28F096 /* OpenApiHealthCheck.swift */,
				BC8DCFD1397C3160AC0E91A7 /* OpenApiCreatePaymentRequestResult.swift */,
				BC8DC80345A38F159B5F1566 /* OpenApiCreatePaymentSessionResult.swift */,
				BC8DCCE36A27028884BB51DB /* OpenApiCustomerTransactions.swift */,
				BC8DCE2570704118F5AF02B5 /* OpenApiDynamicPayload.swift */,
				BC8DCE8280FE65C0D749A5C6 /* OpenApiMerchantPayload.swift */,
				BC8DC8869272757D9B72C68F /* OpenApiMerchantPayments.swift */,
				BC8DCA60254FB6C96936F22E /* OpenApiMerchantSchemas.swift */,
				BC8DC114C4D7A4C44CA1910C /* OpenApiMerchantTransactions.swift */,
				BC8DCA0A1C10ADF70D5024FD /* OpenApiPaymentInstrumentAdditionResult.swift */,
				BC8DC5407D915424F2C7FE7F /* OpenApiPaymentSession.swift */,
				BC8DCB2FB5CD40C06D3484FA /* OpenApiPosPayload.swift */,
				BC8DC2CE4D929C700B57E9AC /* OpenApiQRCode.swift */,
				BC8DC0DBFE7237051A80496D /* OpenApiUsedPaymentInstrument.swift */,
			);
			path = openapi;
			sourceTree = "<group>";
		};
		895676BE24A9D073006EB5EB /* auth */ = {
			isa = PBXGroup;
			children = (
				895676BF24A9D082006EB5EB /* ApiAuthenticator.swift */,
				895676C124A9D08E006EB5EB /* CredentialsStore.swift */,
				895676C324A9D09A006EB5EB /* IdmTokenDetails.swift */,
				895676C524A9D0AA006EB5EB /* StoringApiAuthenticator.swift */,
				BC8DC17CF8FC06826C7F8B01 /* CustomerLoginApiAuthenticator.swift */,
			);
			path = auth;
			sourceTree = "<group>";
		};
		BC8DC41506E61319E753F534 /* openapi */ = {
			isa = PBXGroup;
			children = (
				BC8DCC3BC706680502B46F49 /* OpenApiVillageCustomerApiRepository.swift */,
				BC8DC5508B092D97EB3BB196 /* OpenApiClientFactory.swift */,
				BC8DC7112DB6D6AECFA945B5 /* OpenApiVillageMerchantApiRepository.swift */,
			);
			path = openapi;
			sourceTree = "<group>";
		};
		D8568702C6D8E515D700072A /* Pods */ = {
			isa = PBXGroup;
			children = (
				D5E5363D2B732621FCBDAB0E /* Pods-VillageWalletClientSDKReference.debug.xcconfig */,
				7927F195CA95644BBBEB00B6 /* Pods-VillageWalletClientSDKReference.release.xcconfig */,
				11D62C72243C26F694DFEBB5 /* Pods-VillageWalletClientSDKReference-VillageWalletClientSDKReferenceUITests.debug.xcconfig */,
				C2A3DAA88D24E469D4DC7243 /* Pods-VillageWalletClientSDKReference-VillageWalletClientSDKReferenceUITests.release.xcconfig */,
				C3130BE38596A2EA5576C20F /* Pods-VillageWalletClientSDKReferenceTests.debug.xcconfig */,
				431ED4BC7154984CB5395D99 /* Pods-VillageWalletClientSDKReferenceTests.release.xcconfig */,
			);
			path = Pods;
			sourceTree = "<group>";
		};
/* End PBXGroup section */

/* Begin PBXNativeTarget section */
		89361B4C24875E1A00FBED9B /* VillageWalletClientSDKReference */ = {
			isa = PBXNativeTarget;
			buildConfigurationList = 89361B7724875E1B00FBED9B /* Build configuration list for PBXNativeTarget "VillageWalletClientSDKReference" */;
			buildPhases = (
				F8D4D93915D2A51A02D3DF9E /* [CP] Check Pods Manifest.lock */,
				89361B4924875E1A00FBED9B /* Sources */,
				89361B4A24875E1A00FBED9B /* Frameworks */,
				89361B4B24875E1A00FBED9B /* Resources */,
				AE730EB4E5CFF9DD82213DC4 /* [CP] Embed Pods Frameworks */,
			);
			buildRules = (
			);
			dependencies = (
			);
			name = VillageWalletClientSDKReference;
			productName = VillageWalletClientSDKReference;
			productReference = 89361B4D24875E1A00FBED9B /* VillageWalletClientSDKReference.app */;
			productType = "com.apple.product-type.application";
		};
		89361B6224875E1B00FBED9B /* VillageWalletClientSDKReferenceTests */ = {
			isa = PBXNativeTarget;
			buildConfigurationList = 89361B7A24875E1B00FBED9B /* Build configuration list for PBXNativeTarget "VillageWalletClientSDKReferenceTests" */;
			buildPhases = (
				0CD00DEDBFA93CEBD86744CE /* [CP] Check Pods Manifest.lock */,
				89361B5F24875E1B00FBED9B /* Sources */,
				89361B6024875E1B00FBED9B /* Frameworks */,
				89361B6124875E1B00FBED9B /* Resources */,
				006DD955F549A16E210C5651 /* [CP] Embed Pods Frameworks */,
			);
			buildRules = (
			);
			dependencies = (
				89361B6524875E1B00FBED9B /* PBXTargetDependency */,
			);
			name = VillageWalletClientSDKReferenceTests;
			productName = VillageWalletClientSDKReferenceTests;
			productReference = 89361B6324875E1B00FBED9B /* VillageWalletClientSDKReferenceTests.xctest */;
			productType = "com.apple.product-type.bundle.unit-test";
		};
		89361B6D24875E1B00FBED9B /* VillageWalletClientSDKReferenceUITests */ = {
			isa = PBXNativeTarget;
			buildConfigurationList = 89361B7D24875E1B00FBED9B /* Build configuration list for PBXNativeTarget "VillageWalletClientSDKReferenceUITests" */;
			buildPhases = (
				FB26120F4CFC303BA61059B9 /* [CP] Check Pods Manifest.lock */,
				89361B6A24875E1B00FBED9B /* Sources */,
				89361B6B24875E1B00FBED9B /* Frameworks */,
				89361B6C24875E1B00FBED9B /* Resources */,
				3C8D1FFB604FBC9B49F1AA47 /* [CP] Embed Pods Frameworks */,
			);
			buildRules = (
			);
			dependencies = (
				89361B7024875E1B00FBED9B /* PBXTargetDependency */,
			);
			name = VillageWalletClientSDKReferenceUITests;
			productName = VillageWalletClientSDKReferenceUITests;
			productReference = 89361B6E24875E1B00FBED9B /* VillageWalletClientSDKReferenceUITests.xctest */;
			productType = "com.apple.product-type.bundle.ui-testing";
		};
/* End PBXNativeTarget section */

/* Begin PBXProject section */
		89361B4524875E1A00FBED9B /* Project object */ = {
			isa = PBXProject;
			attributes = {
				LastSwiftUpdateCheck = 1150;
				LastUpgradeCheck = 1150;
				ORGANIZATIONNAME = "Kieran Simpson";
				TargetAttributes = {
					89361B4C24875E1A00FBED9B = {
						CreatedOnToolsVersion = 11.5;
					};
					89361B6224875E1B00FBED9B = {
						CreatedOnToolsVersion = 11.5;
						TestTargetID = 89361B4C24875E1A00FBED9B;
					};
					89361B6D24875E1B00FBED9B = {
						CreatedOnToolsVersion = 11.5;
						TestTargetID = 89361B4C24875E1A00FBED9B;
					};
				};
			};
			buildConfigurationList = 89361B4824875E1A00FBED9B /* Build configuration list for PBXProject "VillageWalletClientSDKReference" */;
			compatibilityVersion = "Xcode 9.3";
			developmentRegion = en;
			hasScannedForEncodings = 0;
			knownRegions = (
				en,
				Base,
			);
			mainGroup = 89361B4424875E1A00FBED9B;
			productRefGroup = 89361B4E24875E1A00FBED9B /* Products */;
			projectDirPath = "";
			projectRoot = "";
			targets = (
				89361B4C24875E1A00FBED9B /* VillageWalletClientSDKReference */,
				89361B6224875E1B00FBED9B /* VillageWalletClientSDKReferenceTests */,
				89361B6D24875E1B00FBED9B /* VillageWalletClientSDKReferenceUITests */,
			);
		};
/* End PBXProject section */

/* Begin PBXResourcesBuildPhase section */
		89361B4B24875E1A00FBED9B /* Resources */ = {
			isa = PBXResourcesBuildPhase;
			buildActionMask = 2147483647;
			files = (
				89361B5D24875E1B00FBED9B /* LaunchScreen.storyboard in Resources */,
				89361B5A24875E1B00FBED9B /* Assets.xcassets in Resources */,
				89361B5824875E1A00FBED9B /* Main.storyboard in Resources */,
			);
			runOnlyForDeploymentPostprocessing = 0;
		};
		89361B6124875E1B00FBED9B /* Resources */ = {
			isa = PBXResourcesBuildPhase;
			buildActionMask = 2147483647;
			files = (
			);
			runOnlyForDeploymentPostprocessing = 0;
		};
		89361B6C24875E1B00FBED9B /* Resources */ = {
			isa = PBXResourcesBuildPhase;
			buildActionMask = 2147483647;
			files = (
			);
			runOnlyForDeploymentPostprocessing = 0;
		};
/* End PBXResourcesBuildPhase section */

/* Begin PBXShellScriptBuildPhase section */
		006DD955F549A16E210C5651 /* [CP] Embed Pods Frameworks */ = {
			isa = PBXShellScriptBuildPhase;
			buildActionMask = 2147483647;
			files = (
			);
			inputFileListPaths = (
				"${PODS_ROOT}/Target Support Files/Pods-VillageWalletClientSDKReferenceTests/Pods-VillageWalletClientSDKReferenceTests-frameworks-${CONFIGURATION}-input-files.xcfilelist",
			);
			name = "[CP] Embed Pods Frameworks";
			outputFileListPaths = (
				"${PODS_ROOT}/Target Support Files/Pods-VillageWalletClientSDKReferenceTests/Pods-VillageWalletClientSDKReferenceTests-frameworks-${CONFIGURATION}-output-files.xcfilelist",
			);
			runOnlyForDeploymentPostprocessing = 0;
			shellPath = /bin/sh;
			shellScript = "\"${PODS_ROOT}/Target Support Files/Pods-VillageWalletClientSDKReferenceTests/Pods-VillageWalletClientSDKReferenceTests-frameworks.sh\"\n";
			showEnvVarsInLog = 0;
		};
		0CD00DEDBFA93CEBD86744CE /* [CP] Check Pods Manifest.lock */ = {
			isa = PBXShellScriptBuildPhase;
			buildActionMask = 2147483647;
			files = (
			);
			inputFileListPaths = (
			);
			inputPaths = (
				"${PODS_PODFILE_DIR_PATH}/Podfile.lock",
				"${PODS_ROOT}/Manifest.lock",
			);
			name = "[CP] Check Pods Manifest.lock";
			outputFileListPaths = (
			);
			outputPaths = (
				"$(DERIVED_FILE_DIR)/Pods-VillageWalletClientSDKReferenceTests-checkManifestLockResult.txt",
			);
			runOnlyForDeploymentPostprocessing = 0;
			shellPath = /bin/sh;
			shellScript = "diff \"${PODS_PODFILE_DIR_PATH}/Podfile.lock\" \"${PODS_ROOT}/Manifest.lock\" > /dev/null\nif [ $? != 0 ] ; then\n    # print error to STDERR\n    echo \"error: The sandbox is not in sync with the Podfile.lock. Run 'pod install' or update your CocoaPods installation.\" >&2\n    exit 1\nfi\n# This output is used by Xcode 'outputs' to avoid re-running this script phase.\necho \"SUCCESS\" > \"${SCRIPT_OUTPUT_FILE_0}\"\n";
			showEnvVarsInLog = 0;
		};
		3C8D1FFB604FBC9B49F1AA47 /* [CP] Embed Pods Frameworks */ = {
			isa = PBXShellScriptBuildPhase;
			buildActionMask = 2147483647;
			files = (
			);
			inputFileListPaths = (
				"${PODS_ROOT}/Target Support Files/Pods-VillageWalletClientSDKReference-VillageWalletClientSDKReferenceUITests/Pods-VillageWalletClientSDKReference-VillageWalletClientSDKReferenceUITests-frameworks-${CONFIGURATION}-input-files.xcfilelist",
			);
			name = "[CP] Embed Pods Frameworks";
			outputFileListPaths = (
				"${PODS_ROOT}/Target Support Files/Pods-VillageWalletClientSDKReference-VillageWalletClientSDKReferenceUITests/Pods-VillageWalletClientSDKReference-VillageWalletClientSDKReferenceUITests-frameworks-${CONFIGURATION}-output-files.xcfilelist",
			);
			runOnlyForDeploymentPostprocessing = 0;
			shellPath = /bin/sh;
			shellScript = "\"${PODS_ROOT}/Target Support Files/Pods-VillageWalletClientSDKReference-VillageWalletClientSDKReferenceUITests/Pods-VillageWalletClientSDKReference-VillageWalletClientSDKReferenceUITests-frameworks.sh\"\n";
			showEnvVarsInLog = 0;
		};
		AE730EB4E5CFF9DD82213DC4 /* [CP] Embed Pods Frameworks */ = {
			isa = PBXShellScriptBuildPhase;
			buildActionMask = 2147483647;
			files = (
			);
			inputFileListPaths = (
				"${PODS_ROOT}/Target Support Files/Pods-VillageWalletClientSDKReference/Pods-VillageWalletClientSDKReference-frameworks-${CONFIGURATION}-input-files.xcfilelist",
			);
			name = "[CP] Embed Pods Frameworks";
			outputFileListPaths = (
				"${PODS_ROOT}/Target Support Files/Pods-VillageWalletClientSDKReference/Pods-VillageWalletClientSDKReference-frameworks-${CONFIGURATION}-output-files.xcfilelist",
			);
			runOnlyForDeploymentPostprocessing = 0;
			shellPath = /bin/sh;
			shellScript = "\"${PODS_ROOT}/Target Support Files/Pods-VillageWalletClientSDKReference/Pods-VillageWalletClientSDKReference-frameworks.sh\"\n";
			showEnvVarsInLog = 0;
		};
		F8D4D93915D2A51A02D3DF9E /* [CP] Check Pods Manifest.lock */ = {
			isa = PBXShellScriptBuildPhase;
			buildActionMask = 2147483647;
			files = (
			);
			inputFileListPaths = (
			);
			inputPaths = (
				"${PODS_PODFILE_DIR_PATH}/Podfile.lock",
				"${PODS_ROOT}/Manifest.lock",
			);
			name = "[CP] Check Pods Manifest.lock";
			outputFileListPaths = (
			);
			outputPaths = (
				"$(DERIVED_FILE_DIR)/Pods-VillageWalletClientSDKReference-checkManifestLockResult.txt",
			);
			runOnlyForDeploymentPostprocessing = 0;
			shellPath = /bin/sh;
			shellScript = "diff \"${PODS_PODFILE_DIR_PATH}/Podfile.lock\" \"${PODS_ROOT}/Manifest.lock\" > /dev/null\nif [ $? != 0 ] ; then\n    # print error to STDERR\n    echo \"error: The sandbox is not in sync with the Podfile.lock. Run 'pod install' or update your CocoaPods installation.\" >&2\n    exit 1\nfi\n# This output is used by Xcode 'outputs' to avoid re-running this script phase.\necho \"SUCCESS\" > \"${SCRIPT_OUTPUT_FILE_0}\"\n";
			showEnvVarsInLog = 0;
		};
		FB26120F4CFC303BA61059B9 /* [CP] Check Pods Manifest.lock */ = {
			isa = PBXShellScriptBuildPhase;
			buildActionMask = 2147483647;
			files = (
			);
			inputFileListPaths = (
			);
			inputPaths = (
				"${PODS_PODFILE_DIR_PATH}/Podfile.lock",
				"${PODS_ROOT}/Manifest.lock",
			);
			name = "[CP] Check Pods Manifest.lock";
			outputFileListPaths = (
			);
			outputPaths = (
				"$(DERIVED_FILE_DIR)/Pods-VillageWalletClientSDKReference-VillageWalletClientSDKReferenceUITests-checkManifestLockResult.txt",
			);
			runOnlyForDeploymentPostprocessing = 0;
			shellPath = /bin/sh;
			shellScript = "diff \"${PODS_PODFILE_DIR_PATH}/Podfile.lock\" \"${PODS_ROOT}/Manifest.lock\" > /dev/null\nif [ $? != 0 ] ; then\n    # print error to STDERR\n    echo \"error: The sandbox is not in sync with the Podfile.lock. Run 'pod install' or update your CocoaPods installation.\" >&2\n    exit 1\nfi\n# This output is used by Xcode 'outputs' to avoid re-running this script phase.\necho \"SUCCESS\" > \"${SCRIPT_OUTPUT_FILE_0}\"\n";
			showEnvVarsInLog = 0;
		};
/* End PBXShellScriptBuildPhase section */

/* Begin PBXSourcesBuildPhase section */
		89361B4924875E1A00FBED9B /* Sources */ = {
			isa = PBXSourcesBuildPhase;
			buildActionMask = 2147483647;
			files = (
				893BD925248F3834006EA746 /* BasketItemTableViewCell.swift in Sources */,
				895676B224A9C9C1006EB5EB /* PaymentInstruments.swift in Sources */,
				895676B024A9C8A6006EB5EB /* Basket.swift in Sources */,
				89B3B03624AAE4FD00494A00 /* BearerTokenRequestHeader.swift in Sources */,
				89B3B03024AAE4C800494A00 /* RequestHeaderFactory.swift in Sources */,
				89361B5524875E1A00FBED9B /* PaymentConfirmViewController.swift in Sources */,
				895676C224A9D08E006EB5EB /* CredentialsStore.swift in Sources */,
				89361B5124875E1A00FBED9B /* AppDelegate.swift in Sources */,
				89361B81248767DD00FBED9B /* GradientView.swift in Sources */,
				895676C624A9D0AA006EB5EB /* StoringApiAuthenticator.swift in Sources */,
				894458222490AFC0003233FB /* SlideToPay.swift in Sources */,
				89B3B02E24AAE3B100494A00 /* VillageOptions.swift in Sources */,
				895676BB24A9CB11006EB5EB /* OpenApiPaymentInstruments.swift in Sources */,
				89361B5324875E1A00FBED9B /* SceneDelegate.swift in Sources */,
				895676B924A9CB07006EB5EB /* OpenApiCustomerPaymentRequest.swift in Sources */,
				894458202490864E003233FB /* SlideToPayBackground.swift in Sources */,
				895676C024A9D083006EB5EB /* ApiAuthenticator.swift in Sources */,
				89B3B03824AAE51000494A00 /* ApiKeyRequestHeader.swift in Sources */,
				898F80EA24889D2000402105 /* BottomSheet.swift in Sources */,
				89361B832487A11000FBED9B /* PaymentReceiptViewController.swift in Sources */,
				89B3B03224AAE4DD00494A00 /* RequestHeadersFactory.swift in Sources */,
				895676C424A9D09A006EB5EB /* IdmTokenDetails.swift in Sources */,
				89B3B03424AAE4EB00494A00 /* RequestHeaderChain.swift in Sources */,
				895676B724A9CAFD006EB5EB /* OpenApiBasket.swift in Sources */,
				895676AB24A9C756006EB5EB /* ApiResult.swift in Sources */,
				895676AE24A9C83F006EB5EB /* CustomerPaymentRequest.swift in Sources */,
				BC8DC51AEB822327BE1DF7D7 /* README.md in Sources */,
				BC8DC38C72F0C728DD40F2D8 /* Currency.swift in Sources */,
				BC8DC4047073E2F1489D9C7E /* CustomerLoginApiAuthenticator.swift in Sources */,
				BC8DC1521AC67AD57653C7C5 /* VillageCustomerApiRepository.swift in Sources */,
				BC8DC1160C35D77030055888 /* OpenApiVillageCustomerApiRepository.swift in Sources */,
				BC8DC7F0E79AE11F5BE8432C /* CustomerVillage.swift in Sources */,
				BC8DC76A3AE46FDFCDA8DDCA /* Configurable.swift in Sources */,
				BC8DC1B7C5FCFCB5E7A9A091 /* VillageFactory.swift in Sources */,
				BC8DCEACB415B5E0B80256E3 /* HealthCheck.swift in Sources */,
				BC8DCDD92268B62DDB2DCFE1 /* OpenApiHealthCheck.swift in Sources */,
				BC8DC591D6E0920D59F85069 /* OpenApiClientFactory.swift in Sources */,
				BC8DC8DA81BD401492B97500 /* HeaderNames.swift in Sources */,
				BC8DC8AAB46345EC959EAD11 /* WalletIdRequestHeader.swift in Sources */,
				BC8DCAF8F4008675C4818EA0 /* CreatePaymentRequestResult.swift in Sources */,
				BC8DC6CDAD8B20E4C505E9F4 /* CreatePaymentSessionRequest.swift in Sources */,
				BC8DC34859D5AE8B680A5EDA /* CreatePaymentSessionResult.swift in Sources */,
				BC8DC56E1951C20672A362E1 /* CustomerTranssactions.swift in Sources */,
				BC8DCB90029FD4736DC3319C /* DynamicPayload.swift in Sources */,
				BC8DC61885BC23C4AD39974F /* MerchantPayload.swift in Sources */,
				BC8DCA486D1BE57CB150815A /* MerchantPayments.swift in Sources */,
				BC8DC0A09CDF1ECE997116DD /* MerchantSchemas.swift in Sources */,
				BC8DC8E58ECA4DB94831ED34 /* MerchantTransactions.swift in Sources */,
				BC8DC7DB6644A37B72AFCE7A /* NewPaymentRequest.swift in Sources */,
				BC8DCC5F5FA5DFF186DC4550 /* NewPaymentRequestQRCode.swift in Sources */,
				BC8DC1D86CAE6A7782867388 /* Payment.swift in Sources */,
				BC8DC1AAD299207C27FE4CCA /* PaymentInstrumentAddition.swift in Sources */,
				BC8DC66566BFE72BBEF3C542 /* PaymentInstrumentAdditionResult.swift in Sources */,
				BC8DCC323E63AE05B24B56E6 /* PaymentSession.swift in Sources */,
				BC8DCC2F025ECA1244CA2686 /* PosPayload.swift in Sources */,
				BC8DC81AF1651EC7480646AD /* QRCode.swift in Sources */,
				BC8DCA1207689BDE03086A11 /* QRCodePaymentReferenceType.swift in Sources */,
				BC8DC05A84A2AEB27B02BE60 /* TransactionRefundDetails.swift in Sources */,
				BC8DC1FDA7BBF825F345794E /* TransactionSummary.swift in Sources */,
				BC8DC60BFBD686336592DAB4 /* UpdatePaymentSessionRequest.swift in Sources */,
				BC8DCC91FC479E4627EC550A /* Wallet.swift in Sources */,
				BC8DCA55F427BCAE510A94D4 /* OpenApiCreatePaymentRequestResult.swift in Sources */,
				BC8DC93F18F55DBC3A9D46B2 /* OpenApiCreatePaymentSessionResult.swift in Sources */,
				BC8DCA2104B56F49330EEB31 /* OpenApiCustomerTransactions.swift in Sources */,
				BC8DCCB5F806F8E5D3CE8ECE /* OpenApiDynamicPayload.swift in Sources */,
				BC8DC03FA428121B287894A5 /* OpenApiMerchantPayload.swift in Sources */,
				BC8DC9B7943F5156CC52358F /* OpenApiMerchantPayments.swift in Sources */,
				BC8DC1CC48F9ABCBD3052DAE /* OpenApiMerchantSchemas.swift in Sources */,
				BC8DCFAC2583D6C78F94D265 /* OpenApiMerchantTransactions.swift in Sources */,
				BC8DC544DDDD0EE5154CE665 /* OpenApiPaymentInstrumentAdditionResult.swift in Sources */,
				BC8DCB4DBB6331C3B88BB72E /* OpenApiPaymentSession.swift in Sources */,
				BC8DC7F44CCDA7A5FE76561E /* OpenApiPosPayload.swift in Sources */,
				BC8DCF9CA609354DDA504120 /* OpenApiQRCode.swift in Sources */,
				BC8DCD3ABB14196621B9204D /* OpenApiUsedPaymentInstrument.swift in Sources */,
				BC8DC57A9AB3800C0A946EFE /* VillageAdministrationApiRepository.swift in Sources */,
				BC8DCDA655A2F9514D97EE7D /* VillageMerchantApiRepository.swift in Sources */,
				BC8DCEB5FA5078160E2AB26B /* OpenApiVillageMerchantApiRepository.swift in Sources */,
				BC8DCD7145DF3C34796A3A58 /* MerchantVillage.swift in Sources */,
			);
			runOnlyForDeploymentPostprocessing = 0;
		};
		89361B5F24875E1B00FBED9B /* Sources */ = {
			isa = PBXSourcesBuildPhase;
			buildActionMask = 2147483647;
			files = (
				89361B6824875E1B00FBED9B /* VillageWalletClientSDKReferenceTests.swift in Sources */,
				BC8DC34AFF8DC203DC1908A1 /* VillageCustomerApiRepositoryTest.swift in Sources */,
				BC8DC24A587E7CB194CE81FF /* SdkFactory.swift in Sources */,
				BC8DC613FB091BE1F0E1C17E /* OpenApiSdkFactory.swift in Sources */,
				BC8DC528527E3D33E480A383 /* ApiResultMatchers.swift in Sources */,
				BC8DC80AE418960D4790B36D /* CustomerTransactionsMatchers.swift in Sources */,
				BC8DC8178FB4F87A204F13B8 /* StringMatchers.swift in Sources */,
				BC8DC5EBE53A3DE66C3113A8 /* Date.swift in Sources */,
				BC8DC0ABD43A33A9605A8A8D /* BasketMatcher.swift in Sources */,
				BC8DCDC7B2ACBC7C43DF7ED7 /* CustomerPaymentRequestMatcher.swift in Sources */,
				BC8DCB73A30E22D220B5B815 /* TestBasket.swift in Sources */,
				BC8DC5761F1D1831C59034B5 /* TestCreatePaymentSessionRequest.swift in Sources */,
				BC8DCDFDFC34D2520742EE37 /* TestCustomerPaymentRequest.swift in Sources */,
				BC8DC49D8CFAB4DC6D31B7B8 /* TestMerchantPayloads.swift in Sources */,
				BC8DCA78B3D069A29DB810DB /* TestMerchantSchema.swift in Sources */,
				BC8DCBDEA96CC19B6A531C74 /* TestNewPaymentRequest.swift in Sources */,
				BC8DC3141407A05E3F9403F5 /* TestNewPaymentRequestQRCode.swift in Sources */,
				BC8DCBBB9C19CABEFEB735AF /* TestPaymentInstrument.swift in Sources */,
				BC8DCA95EA7665D23CC81E3D /* TestTransactionRefundDetails.swift in Sources */,
				BC8DCA89891A1C7D85E2A767 /* TestUpdatePaymentSessionRequest.swift in Sources */,
				BC8DCB3092F80E5A32EE1B69 /* PaymentInstrumentMatchers.swift in Sources */,
				BC8DC6EF58ED6BAF2E1F5F9F /* PaymentSessionMatchers.swift in Sources */,
				BC8DCAC2770920AC9B8E0DD7 /* QRCodeMatcher.swift in Sources */,
				BC8DCF91107C1C2BDCCB873A /* HealthCheckMatcher.swift in Sources */,
			);
			runOnlyForDeploymentPostprocessing = 0;
		};
		89361B6A24875E1B00FBED9B /* Sources */ = {
			isa = PBXSourcesBuildPhase;
			buildActionMask = 2147483647;
			files = (
				89361B7324875E1B00FBED9B /* VillageWalletClientSDKReferenceUITests.swift in Sources */,
			);
			runOnlyForDeploymentPostprocessing = 0;
		};
/* End PBXSourcesBuildPhase section */

/* Begin PBXTargetDependency section */
		89361B6524875E1B00FBED9B /* PBXTargetDependency */ = {
			isa = PBXTargetDependency;
			target = 89361B4C24875E1A00FBED9B /* VillageWalletClientSDKReference */;
			targetProxy = 89361B6424875E1B00FBED9B /* PBXContainerItemProxy */;
		};
		89361B7024875E1B00FBED9B /* PBXTargetDependency */ = {
			isa = PBXTargetDependency;
			target = 89361B4C24875E1A00FBED9B /* VillageWalletClientSDKReference */;
			targetProxy = 89361B6F24875E1B00FBED9B /* PBXContainerItemProxy */;
		};
/* End PBXTargetDependency section */

/* Begin PBXVariantGroup section */
		89361B5624875E1A00FBED9B /* Main.storyboard */ = {
			isa = PBXVariantGroup;
			children = (
				89361B5724875E1A00FBED9B /* Base */,
			);
			name = Main.storyboard;
			sourceTree = "<group>";
		};
		89361B5B24875E1B00FBED9B /* LaunchScreen.storyboard */ = {
			isa = PBXVariantGroup;
			children = (
				89361B5C24875E1B00FBED9B /* Base */,
			);
			name = LaunchScreen.storyboard;
			sourceTree = "<group>";
		};
/* End PBXVariantGroup section */

/* Begin XCBuildConfiguration section */
		89361B7524875E1B00FBED9B /* Debug */ = {
			isa = XCBuildConfiguration;
			buildSettings = {
				ALWAYS_SEARCH_USER_PATHS = NO;
				CLANG_ANALYZER_NONNULL = YES;
				CLANG_ANALYZER_NUMBER_OBJECT_CONVERSION = YES_AGGRESSIVE;
				CLANG_CXX_LANGUAGE_STANDARD = "gnu++14";
				CLANG_CXX_LIBRARY = "libc++";
				CLANG_ENABLE_MODULES = YES;
				CLANG_ENABLE_OBJC_ARC = YES;
				CLANG_ENABLE_OBJC_WEAK = YES;
				CLANG_WARN_BLOCK_CAPTURE_AUTORELEASING = YES;
				CLANG_WARN_BOOL_CONVERSION = YES;
				CLANG_WARN_COMMA = YES;
				CLANG_WARN_CONSTANT_CONVERSION = YES;
				CLANG_WARN_DEPRECATED_OBJC_IMPLEMENTATIONS = YES;
				CLANG_WARN_DIRECT_OBJC_ISA_USAGE = YES_ERROR;
				CLANG_WARN_DOCUMENTATION_COMMENTS = YES;
				CLANG_WARN_EMPTY_BODY = YES;
				CLANG_WARN_ENUM_CONVERSION = YES;
				CLANG_WARN_INFINITE_RECURSION = YES;
				CLANG_WARN_INT_CONVERSION = YES;
				CLANG_WARN_NON_LITERAL_NULL_CONVERSION = YES;
				CLANG_WARN_OBJC_IMPLICIT_RETAIN_SELF = YES;
				CLANG_WARN_OBJC_LITERAL_CONVERSION = YES;
				CLANG_WARN_OBJC_ROOT_CLASS = YES_ERROR;
				CLANG_WARN_RANGE_LOOP_ANALYSIS = YES;
				CLANG_WARN_STRICT_PROTOTYPES = YES;
				CLANG_WARN_SUSPICIOUS_MOVE = YES;
				CLANG_WARN_UNGUARDED_AVAILABILITY = YES_AGGRESSIVE;
				CLANG_WARN_UNREACHABLE_CODE = YES;
				CLANG_WARN__DUPLICATE_METHOD_MATCH = YES;
				COPY_PHASE_STRIP = NO;
				DEBUG_INFORMATION_FORMAT = dwarf;
				ENABLE_STRICT_OBJC_MSGSEND = YES;
				ENABLE_TESTABILITY = YES;
				GCC_C_LANGUAGE_STANDARD = gnu11;
				GCC_DYNAMIC_NO_PIC = NO;
				GCC_NO_COMMON_BLOCKS = YES;
				GCC_OPTIMIZATION_LEVEL = 0;
				GCC_PREPROCESSOR_DEFINITIONS = (
					"DEBUG=1",
					"$(inherited)",
				);
				GCC_WARN_64_TO_32_BIT_CONVERSION = YES;
				GCC_WARN_ABOUT_RETURN_TYPE = YES_ERROR;
				GCC_WARN_UNDECLARED_SELECTOR = YES;
				GCC_WARN_UNINITIALIZED_AUTOS = YES_AGGRESSIVE;
				GCC_WARN_UNUSED_FUNCTION = YES;
				GCC_WARN_UNUSED_VARIABLE = YES;
				IPHONEOS_DEPLOYMENT_TARGET = 13.5;
				MTL_ENABLE_DEBUG_INFO = INCLUDE_SOURCE;
				MTL_FAST_MATH = YES;
				ONLY_ACTIVE_ARCH = YES;
				SDKROOT = iphoneos;
				SWIFT_ACTIVE_COMPILATION_CONDITIONS = DEBUG;
				SWIFT_OPTIMIZATION_LEVEL = "-Onone";
			};
			name = Debug;
		};
		89361B7624875E1B00FBED9B /* Release */ = {
			isa = XCBuildConfiguration;
			buildSettings = {
				ALWAYS_SEARCH_USER_PATHS = NO;
				CLANG_ANALYZER_NONNULL = YES;
				CLANG_ANALYZER_NUMBER_OBJECT_CONVERSION = YES_AGGRESSIVE;
				CLANG_CXX_LANGUAGE_STANDARD = "gnu++14";
				CLANG_CXX_LIBRARY = "libc++";
				CLANG_ENABLE_MODULES = YES;
				CLANG_ENABLE_OBJC_ARC = YES;
				CLANG_ENABLE_OBJC_WEAK = YES;
				CLANG_WARN_BLOCK_CAPTURE_AUTORELEASING = YES;
				CLANG_WARN_BOOL_CONVERSION = YES;
				CLANG_WARN_COMMA = YES;
				CLANG_WARN_CONSTANT_CONVERSION = YES;
				CLANG_WARN_DEPRECATED_OBJC_IMPLEMENTATIONS = YES;
				CLANG_WARN_DIRECT_OBJC_ISA_USAGE = YES_ERROR;
				CLANG_WARN_DOCUMENTATION_COMMENTS = YES;
				CLANG_WARN_EMPTY_BODY = YES;
				CLANG_WARN_ENUM_CONVERSION = YES;
				CLANG_WARN_INFINITE_RECURSION = YES;
				CLANG_WARN_INT_CONVERSION = YES;
				CLANG_WARN_NON_LITERAL_NULL_CONVERSION = YES;
				CLANG_WARN_OBJC_IMPLICIT_RETAIN_SELF = YES;
				CLANG_WARN_OBJC_LITERAL_CONVERSION = YES;
				CLANG_WARN_OBJC_ROOT_CLASS = YES_ERROR;
				CLANG_WARN_RANGE_LOOP_ANALYSIS = YES;
				CLANG_WARN_STRICT_PROTOTYPES = YES;
				CLANG_WARN_SUSPICIOUS_MOVE = YES;
				CLANG_WARN_UNGUARDED_AVAILABILITY = YES_AGGRESSIVE;
				CLANG_WARN_UNREACHABLE_CODE = YES;
				CLANG_WARN__DUPLICATE_METHOD_MATCH = YES;
				COPY_PHASE_STRIP = NO;
				DEBUG_INFORMATION_FORMAT = "dwarf-with-dsym";
				ENABLE_NS_ASSERTIONS = NO;
				ENABLE_STRICT_OBJC_MSGSEND = YES;
				GCC_C_LANGUAGE_STANDARD = gnu11;
				GCC_NO_COMMON_BLOCKS = YES;
				GCC_WARN_64_TO_32_BIT_CONVERSION = YES;
				GCC_WARN_ABOUT_RETURN_TYPE = YES_ERROR;
				GCC_WARN_UNDECLARED_SELECTOR = YES;
				GCC_WARN_UNINITIALIZED_AUTOS = YES_AGGRESSIVE;
				GCC_WARN_UNUSED_FUNCTION = YES;
				GCC_WARN_UNUSED_VARIABLE = YES;
				IPHONEOS_DEPLOYMENT_TARGET = 13.5;
				MTL_ENABLE_DEBUG_INFO = NO;
				MTL_FAST_MATH = YES;
				SDKROOT = iphoneos;
				SWIFT_COMPILATION_MODE = wholemodule;
				SWIFT_OPTIMIZATION_LEVEL = "-O";
				VALIDATE_PRODUCT = YES;
			};
			name = Release;
		};
		89361B7824875E1B00FBED9B /* Debug */ = {
			isa = XCBuildConfiguration;
			baseConfigurationReference = D5E5363D2B732621FCBDAB0E /* Pods-VillageWalletClientSDKReference.debug.xcconfig */;
			buildSettings = {
				ASSETCATALOG_COMPILER_APPICON_NAME = AppIcon;
				CODE_SIGN_STYLE = Automatic;
				DEVELOPMENT_TEAM = 7XWK8GFQC7;
				INFOPLIST_FILE = VillageWalletClientSDKReference/Info.plist;
				LD_RUNPATH_SEARCH_PATHS = (
					"$(inherited)",
					"@executable_path/Frameworks",
				);
				PRODUCT_BUNDLE_IDENTIFIER = au.com.woolworths.village.app.VillageWalletClientSDKReference;
				PRODUCT_NAME = "$(TARGET_NAME)";
				SWIFT_VERSION = 5.0;
				TARGETED_DEVICE_FAMILY = "1,2";
			};
			name = Debug;
		};
		89361B7924875E1B00FBED9B /* Release */ = {
			isa = XCBuildConfiguration;
			baseConfigurationReference = 7927F195CA95644BBBEB00B6 /* Pods-VillageWalletClientSDKReference.release.xcconfig */;
			buildSettings = {
				ASSETCATALOG_COMPILER_APPICON_NAME = AppIcon;
				CODE_SIGN_ENTITLEMENTS = VillageWalletClientSDKReference/VillageWalletClientSDKReferenceRelease.entitlements;
				CODE_SIGN_STYLE = Automatic;
				DEVELOPMENT_TEAM = 7XWK8GFQC7;
				INFOPLIST_FILE = VillageWalletClientSDKReference/Info.plist;
				LD_RUNPATH_SEARCH_PATHS = (
					"$(inherited)",
					"@executable_path/Frameworks",
				);
				PRODUCT_BUNDLE_IDENTIFIER = au.com.woolworths.village.app.VillageWalletClientSDKReference;
				PRODUCT_NAME = "$(TARGET_NAME)";
				SWIFT_VERSION = 5.0;
				TARGETED_DEVICE_FAMILY = "1,2";
			};
			name = Release;
		};
		89361B7B24875E1B00FBED9B /* Debug */ = {
			isa = XCBuildConfiguration;
			baseConfigurationReference = C3130BE38596A2EA5576C20F /* Pods-VillageWalletClientSDKReferenceTests.debug.xcconfig */;
			buildSettings = {
				ALWAYS_EMBED_SWIFT_STANDARD_LIBRARIES = YES;
				BUNDLE_LOADER = "$(TEST_HOST)";
				CODE_SIGN_STYLE = Automatic;
				DEVELOPMENT_TEAM = 7XWK8GFQC7;
				INFOPLIST_FILE = VillageWalletClientSDKReferenceTests/Info.plist;
				IPHONEOS_DEPLOYMENT_TARGET = 13.5;
				LD_RUNPATH_SEARCH_PATHS = (
					"$(inherited)",
					"@executable_path/Frameworks",
					"@loader_path/Frameworks",
				);
				PRODUCT_BUNDLE_IDENTIFIER = au.com.woolworths.village.app.VillageWalletClientSDKReferenceTests;
				PRODUCT_NAME = "$(TARGET_NAME)";
				SWIFT_VERSION = 5.0;
				TARGETED_DEVICE_FAMILY = "1,2";
				TEST_HOST = "$(BUILT_PRODUCTS_DIR)/VillageWalletClientSDKReference.app/VillageWalletClientSDKReference";
			};
			name = Debug;
		};
		89361B7C24875E1B00FBED9B /* Release */ = {
			isa = XCBuildConfiguration;
			baseConfigurationReference = 431ED4BC7154984CB5395D99 /* Pods-VillageWalletClientSDKReferenceTests.release.xcconfig */;
			buildSettings = {
				ALWAYS_EMBED_SWIFT_STANDARD_LIBRARIES = YES;
				BUNDLE_LOADER = "$(TEST_HOST)";
				CODE_SIGN_STYLE = Automatic;
				DEVELOPMENT_TEAM = 7XWK8GFQC7;
				INFOPLIST_FILE = VillageWalletClientSDKReferenceTests/Info.plist;
				IPHONEOS_DEPLOYMENT_TARGET = 13.5;
				LD_RUNPATH_SEARCH_PATHS = (
					"$(inherited)",
					"@executable_path/Frameworks",
					"@loader_path/Frameworks",
				);
				PRODUCT_BUNDLE_IDENTIFIER = au.com.woolworths.village.app.VillageWalletClientSDKReferenceTests;
				PRODUCT_NAME = "$(TARGET_NAME)";
				SWIFT_VERSION = 5.0;
				TARGETED_DEVICE_FAMILY = "1,2";
				TEST_HOST = "$(BUILT_PRODUCTS_DIR)/VillageWalletClientSDKReference.app/VillageWalletClientSDKReference";
			};
			name = Release;
		};
		89361B7E24875E1B00FBED9B /* Debug */ = {
			isa = XCBuildConfiguration;
			baseConfigurationReference = 11D62C72243C26F694DFEBB5 /* Pods-VillageWalletClientSDKReference-VillageWalletClientSDKReferenceUITests.debug.xcconfig */;
			buildSettings = {
				ALWAYS_EMBED_SWIFT_STANDARD_LIBRARIES = YES;
				CODE_SIGN_STYLE = Automatic;
				DEVELOPMENT_TEAM = 7XWK8GFQC7;
				INFOPLIST_FILE = VillageWalletClientSDKReferenceUITests/Info.plist;
				LD_RUNPATH_SEARCH_PATHS = (
					"$(inherited)",
					"@executable_path/Frameworks",
					"@loader_path/Frameworks",
				);
				PRODUCT_BUNDLE_IDENTIFIER = au.com.woolworths.village.app.VillageWalletClientSDKReferenceUITests;
				PRODUCT_NAME = "$(TARGET_NAME)";
				SWIFT_VERSION = 5.0;
				TARGETED_DEVICE_FAMILY = "1,2";
				TEST_TARGET_NAME = VillageWalletClientSDKReference;
			};
			name = Debug;
		};
		89361B7F24875E1B00FBED9B /* Release */ = {
			isa = XCBuildConfiguration;
			baseConfigurationReference = C2A3DAA88D24E469D4DC7243 /* Pods-VillageWalletClientSDKReference-VillageWalletClientSDKReferenceUITests.release.xcconfig */;
			buildSettings = {
				ALWAYS_EMBED_SWIFT_STANDARD_LIBRARIES = YES;
				CODE_SIGN_STYLE = Automatic;
				DEVELOPMENT_TEAM = 7XWK8GFQC7;
				INFOPLIST_FILE = VillageWalletClientSDKReferenceUITests/Info.plist;
				LD_RUNPATH_SEARCH_PATHS = (
					"$(inherited)",
					"@executable_path/Frameworks",
					"@loader_path/Frameworks",
				);
				PRODUCT_BUNDLE_IDENTIFIER = au.com.woolworths.village.app.VillageWalletClientSDKReferenceUITests;
				PRODUCT_NAME = "$(TARGET_NAME)";
				SWIFT_VERSION = 5.0;
				TARGETED_DEVICE_FAMILY = "1,2";
				TEST_TARGET_NAME = VillageWalletClientSDKReference;
			};
			name = Release;
		};
/* End XCBuildConfiguration section */

/* Begin XCConfigurationList section */
		89361B4824875E1A00FBED9B /* Build configuration list for PBXProject "VillageWalletClientSDKReference" */ = {
			isa = XCConfigurationList;
			buildConfigurations = (
				89361B7524875E1B00FBED9B /* Debug */,
				89361B7624875E1B00FBED9B /* Release */,
			);
			defaultConfigurationIsVisible = 0;
			defaultConfigurationName = Release;
		};
		89361B7724875E1B00FBED9B /* Build configuration list for PBXNativeTarget "VillageWalletClientSDKReference" */ = {
			isa = XCConfigurationList;
			buildConfigurations = (
				89361B7824875E1B00FBED9B /* Debug */,
				89361B7924875E1B00FBED9B /* Release */,
			);
			defaultConfigurationIsVisible = 0;
			defaultConfigurationName = Release;
		};
		89361B7A24875E1B00FBED9B /* Build configuration list for PBXNativeTarget "VillageWalletClientSDKReferenceTests" */ = {
			isa = XCConfigurationList;
			buildConfigurations = (
				89361B7B24875E1B00FBED9B /* Debug */,
				89361B7C24875E1B00FBED9B /* Release */,
			);
			defaultConfigurationIsVisible = 0;
			defaultConfigurationName = Release;
		};
		89361B7D24875E1B00FBED9B /* Build configuration list for PBXNativeTarget "VillageWalletClientSDKReferenceUITests" */ = {
			isa = XCConfigurationList;
			buildConfigurations = (
				89361B7E24875E1B00FBED9B /* Debug */,
				89361B7F24875E1B00FBED9B /* Release */,
			);
			defaultConfigurationIsVisible = 0;
			defaultConfigurationName = Release;
		};
/* End XCConfigurationList section */
	};
	rootObject = 89361B4524875E1A00FBED9B /* Project object */;
}
