// !$*UTF8*$!
{
	archiveVersion = 1;
	classes = {
	};
	objectVersion = 51;
	objects = {

/* Begin PBXBuildFile section */
		0D0C66376A43AEB780F35E5D /* Pods_VillageWalletClientSDKReference.framework in Frameworks */ = {isa = PBXBuildFile; fileRef = BE866BA74DC7D917D6E56C2E /* Pods_VillageWalletClientSDKReference.framework */; };
		297427E79E272D43ED4E7AE9 /* Pods_VillageWalletClientSDKReference_VillageWalletClientSDKReferenceUITests.framework in Frameworks */ = {isa = PBXBuildFile; fileRef = 3A18D6D7609E05DDC2CE75D6 /* Pods_VillageWalletClientSDKReference_VillageWalletClientSDKReferenceUITests.framework */; };
		29F01A0A2CA5E8EE2370A731 /* Pods_VillageWalletClientSDKReference_VillageWalletClientSDKReferenceTests.framework in Frameworks */ = {isa = PBXBuildFile; fileRef = 9CDA15D0E9AA137A8464BBDE /* Pods_VillageWalletClientSDKReference_VillageWalletClientSDKReferenceTests.framework */; };
		89361B5124875E1A00FBED9B /* AppDelegate.swift in Sources */ = {isa = PBXBuildFile; fileRef = 89361B5024875E1A00FBED9B /* AppDelegate.swift */; };
		89361B5324875E1A00FBED9B /* SceneDelegate.swift in Sources */ = {isa = PBXBuildFile; fileRef = 89361B5224875E1A00FBED9B /* SceneDelegate.swift */; };
		89361B5524875E1A00FBED9B /* PaymentConfirmViewController.swift in Sources */ = {isa = PBXBuildFile; fileRef = 89361B5424875E1A00FBED9B /* PaymentConfirmViewController.swift */; };
		89361B5824875E1A00FBED9B /* Main.storyboard in Resources */ = {isa = PBXBuildFile; fileRef = 89361B5624875E1A00FBED9B /* Main.storyboard */; };
		89361B5A24875E1B00FBED9B /* Assets.xcassets in Resources */ = {isa = PBXBuildFile; fileRef = 89361B5924875E1B00FBED9B /* Assets.xcassets */; };
		89361B5D24875E1B00FBED9B /* LaunchScreen.storyboard in Resources */ = {isa = PBXBuildFile; fileRef = 89361B5B24875E1B00FBED9B /* LaunchScreen.storyboard */; };
		89361B6824875E1B00FBED9B /* VillageWalletClientSDKReferenceTests.swift in Sources */ = {isa = PBXBuildFile; fileRef = 89361B6724875E1B00FBED9B /* VillageWalletClientSDKReferenceTests.swift */; };
		89361B7324875E1B00FBED9B /* VillageWalletClientSDKReferenceUITests.swift in Sources */ = {isa = PBXBuildFile; fileRef = 89361B7224875E1B00FBED9B /* VillageWalletClientSDKReferenceUITests.swift */; };
		89361B81248767DD00FBED9B /* GradientView.swift in Sources */ = {isa = PBXBuildFile; fileRef = 89361B80248767DD00FBED9B /* GradientView.swift */; };
		89361B832487A11000FBED9B /* PaymentReceiptViewController.swift in Sources */ = {isa = PBXBuildFile; fileRef = 89361B822487A11000FBED9B /* PaymentReceiptViewController.swift */; };
		893BD925248F3834006EA746 /* BasketItemTableViewCell.swift in Sources */ = {isa = PBXBuildFile; fileRef = 893BD924248F3834006EA746 /* BasketItemTableViewCell.swift */; };
		894458202490864E003233FB /* SlideToPayBackground.swift in Sources */ = {isa = PBXBuildFile; fileRef = 8944581F2490864E003233FB /* SlideToPayBackground.swift */; };
		894458222490AFC0003233FB /* SlideToPay.swift in Sources */ = {isa = PBXBuildFile; fileRef = 894458212490AFC0003233FB /* SlideToPay.swift */; };
		898F80EA24889D2000402105 /* BottomSheet.swift in Sources */ = {isa = PBXBuildFile; fileRef = 898F80E924889D2000402105 /* BottomSheet.swift */; };
		BC8DC00B8ED6CFC38914C9F3 /* IdmTokenDetails.swift in Sources */ = {isa = PBXBuildFile; fileRef = BC8DC1A5E100A56972D07CD3 /* IdmTokenDetails.swift */; };
		BC8DC1B7C5FCFCB5E7A9A091 /* VillageFactory.swift in Sources */ = {isa = PBXBuildFile; fileRef = BC8DCD9BCD73C1B1812E90FF /* VillageFactory.swift */; };
		BC8DC24350AA914D5ADA2954 /* SimulatorMerchantOptions.swift in Sources */ = {isa = PBXBuildFile; fileRef = BC8DCF56D05E5F890D4E64C9 /* SimulatorMerchantOptions.swift */; };
		BC8DC38C72F0C728DD40F2D8 /* Currency.swift in Sources */ = {isa = PBXBuildFile; fileRef = BC8DCBBFBDE257A2BC5DDF95 /* Currency.swift */; };
		BC8DC48ACC6DDA43106B7FA9 /* WPaySettings.swift in Sources */ = {isa = PBXBuildFile; fileRef = BC8DCD3DC899605A381B8566 /* WPaySettings.swift */; };
		BC8DCBACF63BBDCC9EA3E78B /* PaymentDetails.swift in Sources */ = {isa = PBXBuildFile; fileRef = BC8DCCA1DB61ABED11A316BF /* PaymentDetails.swift */; };
		BC8DCE15AD8DE54F8E7A5EDC /* SimulatorPaymentRequest.swift in Sources */ = {isa = PBXBuildFile; fileRef = BC8DCED486567B1439BBE0F6 /* SimulatorPaymentRequest.swift */; };
		BC8DCE4F9467D692F2988424 /* SimulatorCustomerOptions.swift in Sources */ = {isa = PBXBuildFile; fileRef = BC8DCC2C6715FEAEDDF18906 /* SimulatorCustomerOptions.swift */; };
		BC8DCEE575178C86A0E9F0B3 /* CustomerLoginApiAuthenticator.swift in Sources */ = {isa = PBXBuildFile; fileRef = BC8DC78034DE23512F6DA56C /* CustomerLoginApiAuthenticator.swift */; };
/* End PBXBuildFile section */

/* Begin PBXContainerItemProxy section */
		89361B6424875E1B00FBED9B /* PBXContainerItemProxy */ = {
			isa = PBXContainerItemProxy;
			containerPortal = 89361B4524875E1A00FBED9B /* Project object */;
			proxyType = 1;
			remoteGlobalIDString = 89361B4C24875E1A00FBED9B;
			remoteInfo = VillageWalletClientSDKReference;
		};
		89361B6F24875E1B00FBED9B /* PBXContainerItemProxy */ = {
			isa = PBXContainerItemProxy;
			containerPortal = 89361B4524875E1A00FBED9B /* Project object */;
			proxyType = 1;
			remoteGlobalIDString = 89361B4C24875E1A00FBED9B;
			remoteInfo = VillageWalletClientSDKReference;
		};
/* End PBXContainerItemProxy section */

/* Begin PBXFileReference section */
		11D62C72243C26F694DFEBB5 /* Pods-VillageWalletClientSDKReference-VillageWalletClientSDKReferenceUITests.debug.xcconfig */ = {isa = PBXFileReference; includeInIndex = 1; lastKnownFileType = text.xcconfig; name = "Pods-VillageWalletClientSDKReference-VillageWalletClientSDKReferenceUITests.debug.xcconfig"; path = "Target Support Files/Pods-VillageWalletClientSDKReference-VillageWalletClientSDKReferenceUITests/Pods-VillageWalletClientSDKReference-VillageWalletClientSDKReferenceUITests.debug.xcconfig"; sourceTree = "<group>"; };
		1E27FD56039D98E0927165D4 /* Pods-VillageWalletClientSDKReference-VillageWalletClientSDKReferenceTests.debug.xcconfig */ = {isa = PBXFileReference; includeInIndex = 1; lastKnownFileType = text.xcconfig; name = "Pods-VillageWalletClientSDKReference-VillageWalletClientSDKReferenceTests.debug.xcconfig"; path = "Target Support Files/Pods-VillageWalletClientSDKReference-VillageWalletClientSDKReferenceTests/Pods-VillageWalletClientSDKReference-VillageWalletClientSDKReferenceTests.debug.xcconfig"; sourceTree = "<group>"; };
		3A18D6D7609E05DDC2CE75D6 /* Pods_VillageWalletClientSDKReference_VillageWalletClientSDKReferenceUITests.framework */ = {isa = PBXFileReference; explicitFileType = wrapper.framework; includeInIndex = 0; path = Pods_VillageWalletClientSDKReference_VillageWalletClientSDKReferenceUITests.framework; sourceTree = BUILT_PRODUCTS_DIR; };
		431ED4BC7154984CB5395D99 /* Pods-VillageWalletClientSDKReferenceTests.release.xcconfig */ = {isa = PBXFileReference; includeInIndex = 1; lastKnownFileType = text.xcconfig; name = "Pods-VillageWalletClientSDKReferenceTests.release.xcconfig"; path = "Target Support Files/Pods-VillageWalletClientSDKReferenceTests/Pods-VillageWalletClientSDKReferenceTests.release.xcconfig"; sourceTree = "<group>"; };
		7927F195CA95644BBBEB00B6 /* Pods-VillageWalletClientSDKReference.release.xcconfig */ = {isa = PBXFileReference; includeInIndex = 1; lastKnownFileType = text.xcconfig; name = "Pods-VillageWalletClientSDKReference.release.xcconfig"; path = "Target Support Files/Pods-VillageWalletClientSDKReference/Pods-VillageWalletClientSDKReference.release.xcconfig"; sourceTree = "<group>"; };
		89361B4D24875E1A00FBED9B /* VillageWalletClientSDKReference.app */ = {isa = PBXFileReference; explicitFileType = wrapper.application; includeInIndex = 0; path = VillageWalletClientSDKReference.app; sourceTree = BUILT_PRODUCTS_DIR; };
		89361B5024875E1A00FBED9B /* AppDelegate.swift */ = {isa = PBXFileReference; lastKnownFileType = sourcecode.swift; path = AppDelegate.swift; sourceTree = "<group>"; };
		89361B5224875E1A00FBED9B /* SceneDelegate.swift */ = {isa = PBXFileReference; lastKnownFileType = sourcecode.swift; path = SceneDelegate.swift; sourceTree = "<group>"; };
		89361B5424875E1A00FBED9B /* PaymentConfirmViewController.swift */ = {isa = PBXFileReference; lastKnownFileType = sourcecode.swift; path = PaymentConfirmViewController.swift; sourceTree = "<group>"; };
		89361B5724875E1A00FBED9B /* Base */ = {isa = PBXFileReference; lastKnownFileType = file.storyboard; name = Base; path = Base.lproj/Main.storyboard; sourceTree = "<group>"; };
		89361B5924875E1B00FBED9B /* Assets.xcassets */ = {isa = PBXFileReference; lastKnownFileType = folder.assetcatalog; path = Assets.xcassets; sourceTree = "<group>"; };
		89361B5C24875E1B00FBED9B /* Base */ = {isa = PBXFileReference; lastKnownFileType = file.storyboard; name = Base; path = Base.lproj/LaunchScreen.storyboard; sourceTree = "<group>"; };
		89361B5E24875E1B00FBED9B /* Info.plist */ = {isa = PBXFileReference; lastKnownFileType = text.plist.xml; path = Info.plist; sourceTree = "<group>"; };
		89361B6324875E1B00FBED9B /* VillageWalletClientSDKReferenceTests.xctest */ = {isa = PBXFileReference; explicitFileType = wrapper.cfbundle; includeInIndex = 0; path = VillageWalletClientSDKReferenceTests.xctest; sourceTree = BUILT_PRODUCTS_DIR; };
		89361B6724875E1B00FBED9B /* VillageWalletClientSDKReferenceTests.swift */ = {isa = PBXFileReference; lastKnownFileType = sourcecode.swift; path = VillageWalletClientSDKReferenceTests.swift; sourceTree = "<group>"; };
		89361B6924875E1B00FBED9B /* Info.plist */ = {isa = PBXFileReference; lastKnownFileType = text.plist.xml; path = Info.plist; sourceTree = "<group>"; };
		89361B6E24875E1B00FBED9B /* VillageWalletClientSDKReferenceUITests.xctest */ = {isa = PBXFileReference; explicitFileType = wrapper.cfbundle; includeInIndex = 0; path = VillageWalletClientSDKReferenceUITests.xctest; sourceTree = BUILT_PRODUCTS_DIR; };
		89361B7224875E1B00FBED9B /* VillageWalletClientSDKReferenceUITests.swift */ = {isa = PBXFileReference; lastKnownFileType = sourcecode.swift; path = VillageWalletClientSDKReferenceUITests.swift; sourceTree = "<group>"; };
		89361B7424875E1B00FBED9B /* Info.plist */ = {isa = PBXFileReference; lastKnownFileType = text.plist.xml; path = Info.plist; sourceTree = "<group>"; };
		89361B80248767DD00FBED9B /* GradientView.swift */ = {isa = PBXFileReference; lastKnownFileType = sourcecode.swift; path = GradientView.swift; sourceTree = "<group>"; };
		89361B822487A11000FBED9B /* PaymentReceiptViewController.swift */ = {isa = PBXFileReference; lastKnownFileType = sourcecode.swift; path = PaymentReceiptViewController.swift; sourceTree = "<group>"; };
		893BD924248F3834006EA746 /* BasketItemTableViewCell.swift */ = {isa = PBXFileReference; lastKnownFileType = sourcecode.swift; path = BasketItemTableViewCell.swift; sourceTree = "<group>"; };
		8944581F2490864E003233FB /* SlideToPayBackground.swift */ = {isa = PBXFileReference; lastKnownFileType = sourcecode.swift; path = SlideToPayBackground.swift; sourceTree = "<group>"; };
		894458212490AFC0003233FB /* SlideToPay.swift */ = {isa = PBXFileReference; lastKnownFileType = sourcecode.swift; path = SlideToPay.swift; sourceTree = "<group>"; };
		8953364B249B259600A50118 /* VillageWalletClientSDKReferenceRelease.entitlements */ = {isa = PBXFileReference; lastKnownFileType = text.plist.entitlements; path = VillageWalletClientSDKReferenceRelease.entitlements; sourceTree = "<group>"; };
		898F80E924889D2000402105 /* BottomSheet.swift */ = {isa = PBXFileReference; lastKnownFileType = sourcecode.swift; path = BottomSheet.swift; sourceTree = "<group>"; };
		9CDA15D0E9AA137A8464BBDE /* Pods_VillageWalletClientSDKReference_VillageWalletClientSDKReferenceTests.framework */ = {isa = PBXFileReference; explicitFileType = wrapper.framework; includeInIndex = 0; path = Pods_VillageWalletClientSDKReference_VillageWalletClientSDKReferenceTests.framework; sourceTree = BUILT_PRODUCTS_DIR; };
		BC8DC1A5E100A56972D07CD3 /* IdmTokenDetails.swift */ = {isa = PBXFileReference; fileEncoding = 4; lastKnownFileType = sourcecode.swift; path = IdmTokenDetails.swift; sourceTree = "<group>"; };
		BC8DC78034DE23512F6DA56C /* CustomerLoginApiAuthenticator.swift */ = {isa = PBXFileReference; fileEncoding = 4; lastKnownFileType = sourcecode.swift; path = CustomerLoginApiAuthenticator.swift; sourceTree = "<group>"; };
		BC8DCBBFBDE257A2BC5DDF95 /* Currency.swift */ = {isa = PBXFileReference; fileEncoding = 4; lastKnownFileType = sourcecode.swift; path = Currency.swift; sourceTree = "<group>"; };
		BC8DCC2C6715FEAEDDF18906 /* SimulatorCustomerOptions.swift */ = {isa = PBXFileReference; fileEncoding = 4; lastKnownFileType = sourcecode.swift; name = SimulatorCustomerOptions.swift; path = Model/SimulatorCustomerOptions.swift; sourceTree = "<group>"; };
		BC8DCCA1DB61ABED11A316BF /* PaymentDetails.swift */ = {isa = PBXFileReference; fileEncoding = 4; lastKnownFileType = sourcecode.swift; name = PaymentDetails.swift; path = Payment/PaymentDetails.swift; sourceTree = "<group>"; };
		BC8DCD3DC899605A381B8566 /* WPaySettings.swift */ = {isa = PBXFileReference; fileEncoding = 4; lastKnownFileType = sourcecode.swift; name = WPaySettings.swift; path = Settings/WPaySettings.swift; sourceTree = "<group>"; };
		BC8DCD9BCD73C1B1812E90FF /* VillageFactory.swift */ = {isa = PBXFileReference; fileEncoding = 4; lastKnownFileType = sourcecode.swift; path = VillageFactory.swift; sourceTree = "<group>"; };
		BC8DCED486567B1439BBE0F6 /* SimulatorPaymentRequest.swift */ = {isa = PBXFileReference; fileEncoding = 4; lastKnownFileType = sourcecode.swift; name = SimulatorPaymentRequest.swift; path = Model/SimulatorPaymentRequest.swift; sourceTree = "<group>"; };
		BC8DCF56D05E5F890D4E64C9 /* SimulatorMerchantOptions.swift */ = {isa = PBXFileReference; fileEncoding = 4; lastKnownFileType = sourcecode.swift; name = SimulatorMerchantOptions.swift; path = Model/SimulatorMerchantOptions.swift; sourceTree = "<group>"; };
		BE866BA74DC7D917D6E56C2E /* Pods_VillageWalletClientSDKReference.framework */ = {isa = PBXFileReference; explicitFileType = wrapper.framework; includeInIndex = 0; path = Pods_VillageWalletClientSDKReference.framework; sourceTree = BUILT_PRODUCTS_DIR; };
		C2A3DAA88D24E469D4DC7243 /* Pods-VillageWalletClientSDKReference-VillageWalletClientSDKReferenceUITests.release.xcconfig */ = {isa = PBXFileReference; includeInIndex = 1; lastKnownFileType = text.xcconfig; name = "Pods-VillageWalletClientSDKReference-VillageWalletClientSDKReferenceUITests.release.xcconfig"; path = "Target Support Files/Pods-VillageWalletClientSDKReference-VillageWalletClientSDKReferenceUITests/Pods-VillageWalletClientSDKReference-VillageWalletClientSDKReferenceUITests.release.xcconfig"; sourceTree = "<group>"; };
		C3130BE38596A2EA5576C20F /* Pods-VillageWalletClientSDKReferenceTests.debug.xcconfig */ = {isa = PBXFileReference; includeInIndex = 1; lastKnownFileType = text.xcconfig; name = "Pods-VillageWalletClientSDKReferenceTests.debug.xcconfig"; path = "Target Support Files/Pods-VillageWalletClientSDKReferenceTests/Pods-VillageWalletClientSDKReferenceTests.debug.xcconfig"; sourceTree = "<group>"; };
		D5E5363D2B732621FCBDAB0E /* Pods-VillageWalletClientSDKReference.debug.xcconfig */ = {isa = PBXFileReference; includeInIndex = 1; lastKnownFileType = text.xcconfig; name = "Pods-VillageWalletClientSDKReference.debug.xcconfig"; path = "Target Support Files/Pods-VillageWalletClientSDKReference/Pods-VillageWalletClientSDKReference.debug.xcconfig"; sourceTree = "<group>"; };
		FCE4FB0A95624D6593D79589 /* Pods-VillageWalletClientSDKReference-VillageWalletClientSDKReferenceTests.release.xcconfig */ = {isa = PBXFileReference; includeInIndex = 1; lastKnownFileType = text.xcconfig; name = "Pods-VillageWalletClientSDKReference-VillageWalletClientSDKReferenceTests.release.xcconfig"; path = "Target Support Files/Pods-VillageWalletClientSDKReference-VillageWalletClientSDKReferenceTests/Pods-VillageWalletClientSDKReference-VillageWalletClientSDKReferenceTests.release.xcconfig"; sourceTree = "<group>"; };
/* End PBXFileReference section */

/* Begin PBXFrameworksBuildPhase section */
		89361B4A24875E1A00FBED9B /* Frameworks */ = {
			isa = PBXFrameworksBuildPhase;
			buildActionMask = 2147483647;
			files = (
				0D0C66376A43AEB780F35E5D /* Pods_VillageWalletClientSDKReference.framework in Frameworks */,
			);
			runOnlyForDeploymentPostprocessing = 0;
		};
		89361B6024875E1B00FBED9B /* Frameworks */ = {
			isa = PBXFrameworksBuildPhase;
			buildActionMask = 2147483647;
			files = (
				29F01A0A2CA5E8EE2370A731 /* Pods_VillageWalletClientSDKReference_VillageWalletClientSDKReferenceTests.framework in Frameworks */,
			);
			runOnlyForDeploymentPostprocessing = 0;
		};
		89361B6B24875E1B00FBED9B /* Frameworks */ = {
			isa = PBXFrameworksBuildPhase;
			buildActionMask = 2147483647;
			files = (
				297427E79E272D43ED4E7AE9 /* Pods_VillageWalletClientSDKReference_VillageWalletClientSDKReferenceUITests.framework in Frameworks */,
			);
			runOnlyForDeploymentPostprocessing = 0;
		};
/* End PBXFrameworksBuildPhase section */

/* Begin PBXGroup section */
		0EF3764A56028CD16E7FEBEA /* Frameworks */ = {
			isa = PBXGroup;
			children = (
				BE866BA74DC7D917D6E56C2E /* Pods_VillageWalletClientSDKReference.framework */,
				3A18D6D7609E05DDC2CE75D6 /* Pods_VillageWalletClientSDKReference_VillageWalletClientSDKReferenceUITests.framework */,
				9CDA15D0E9AA137A8464BBDE /* Pods_VillageWalletClientSDKReference_VillageWalletClientSDKReferenceTests.framework */,
			);
			name = Frameworks;
			sourceTree = "<group>";
		};
		89361B4424875E1A00FBED9B = {
			isa = PBXGroup;
			children = (
				89361B4F24875E1A00FBED9B /* VillageWalletClientSDKReference */,
				89361B6624875E1B00FBED9B /* VillageWalletClientSDKReferenceTests */,
				89361B7124875E1B00FBED9B /* VillageWalletClientSDKReferenceUITests */,
				0EF3764A56028CD16E7FEBEA /* Frameworks */,
				D8568702C6D8E515D700072A /* Pods */,
				89361B4E24875E1A00FBED9B /* Products */,
			);
			sourceTree = "<group>";
		};
		89361B4E24875E1A00FBED9B /* Products */ = {
			isa = PBXGroup;
			children = (
				89361B4D24875E1A00FBED9B /* VillageWalletClientSDKReference.app */,
				89361B6324875E1B00FBED9B /* VillageWalletClientSDKReferenceTests.xctest */,
				89361B6E24875E1B00FBED9B /* VillageWalletClientSDKReferenceUITests.xctest */,
			);
			name = Products;
			sourceTree = "<group>";
		};
		89361B4F24875E1A00FBED9B /* VillageWalletClientSDKReference */ = {
			isa = PBXGroup;
			children = (
				8953364B249B259600A50118 /* VillageWalletClientSDKReferenceRelease.entitlements */,
				89361B5024875E1A00FBED9B /* AppDelegate.swift */,
				89361B5924875E1B00FBED9B /* Assets.xcassets */,
				893BD924248F3834006EA746 /* BasketItemTableViewCell.swift */,
				898F80E924889D2000402105 /* BottomSheet.swift */,
				89361B80248767DD00FBED9B /* GradientView.swift */,
				89361B5E24875E1B00FBED9B /* Info.plist */,
				89361B5B24875E1B00FBED9B /* LaunchScreen.storyboard */,
				89361B5624875E1A00FBED9B /* Main.storyboard */,
				89361B5424875E1A00FBED9B /* PaymentConfirmViewController.swift */,
				89361B822487A11000FBED9B /* PaymentReceiptViewController.swift */,
				89361B5224875E1A00FBED9B /* SceneDelegate.swift */,
				894458212490AFC0003233FB /* SlideToPay.swift */,
				8944581F2490864E003233FB /* SlideToPayBackground.swift */,
				BC8DCBBFBDE257A2BC5DDF95 /* Currency.swift */,
				BC8DCD9BCD73C1B1812E90FF /* VillageFactory.swift */,
				BC8DC78034DE23512F6DA56C /* CustomerLoginApiAuthenticator.swift */,
				BC8DC1A5E100A56972D07CD3 /* IdmTokenDetails.swift */,
				BC8DCD3DC899605A381B8566 /* WPaySettings.swift */,
				BC8DCF56D05E5F890D4E64C9 /* SimulatorMerchantOptions.swift */,
				BC8DCC2C6715FEAEDDF18906 /* SimulatorCustomerOptions.swift */,
				BC8DCED486567B1439BBE0F6 /* SimulatorPaymentRequest.swift */,
				BC8DCCA1DB61ABED11A316BF /* PaymentDetails.swift */,
			);
			path = VillageWalletClientSDKReference;
			sourceTree = "<group>";
		};
		89361B6624875E1B00FBED9B /* VillageWalletClientSDKReferenceTests */ = {
			isa = PBXGroup;
			children = (
				89361B6724875E1B00FBED9B /* VillageWalletClientSDKReferenceTests.swift */,
				89361B6924875E1B00FBED9B /* Info.plist */,
			);
			path = VillageWalletClientSDKReferenceTests;
			sourceTree = "<group>";
		};
		89361B7124875E1B00FBED9B /* VillageWalletClientSDKReferenceUITests */ = {
			isa = PBXGroup;
			children = (
				89361B7224875E1B00FBED9B /* VillageWalletClientSDKReferenceUITests.swift */,
				89361B7424875E1B00FBED9B /* Info.plist */,
			);
			path = VillageWalletClientSDKReferenceUITests;
			sourceTree = "<group>";
		};
		D8568702C6D8E515D700072A /* Pods */ = {
			isa = PBXGroup;
			children = (
				D5E5363D2B732621FCBDAB0E /* Pods-VillageWalletClientSDKReference.debug.xcconfig */,
				7927F195CA95644BBBEB00B6 /* Pods-VillageWalletClientSDKReference.release.xcconfig */,
				11D62C72243C26F694DFEBB5 /* Pods-VillageWalletClientSDKReference-VillageWalletClientSDKReferenceUITests.debug.xcconfig */,
				C2A3DAA88D24E469D4DC7243 /* Pods-VillageWalletClientSDKReference-VillageWalletClientSDKReferenceUITests.release.xcconfig */,
				C3130BE38596A2EA5576C20F /* Pods-VillageWalletClientSDKReferenceTests.debug.xcconfig */,
				431ED4BC7154984CB5395D99 /* Pods-VillageWalletClientSDKReferenceTests.release.xcconfig */,
				1E27FD56039D98E0927165D4 /* Pods-VillageWalletClientSDKReference-VillageWalletClientSDKReferenceTests.debug.xcconfig */,
				FCE4FB0A95624D6593D79589 /* Pods-VillageWalletClientSDKReference-VillageWalletClientSDKReferenceTests.release.xcconfig */,
			);
			path = Pods;
			sourceTree = "<group>";
		};
/* End PBXGroup section */

/* Begin PBXNativeTarget section */
		89361B4C24875E1A00FBED9B /* VillageWalletClientSDKReference */ = {
			isa = PBXNativeTarget;
			buildConfigurationList = 89361B7724875E1B00FBED9B /* Build configuration list for PBXNativeTarget "VillageWalletClientSDKReference" */;
			buildPhases = (
				F8D4D93915D2A51A02D3DF9E /* [CP] Check Pods Manifest.lock */,
				89361B4924875E1A00FBED9B /* Sources */,
				89361B4A24875E1A00FBED9B /* Frameworks */,
				89361B4B24875E1A00FBED9B /* Resources */,
				AE730EB4E5CFF9DD82213DC4 /* [CP] Embed Pods Frameworks */,
			);
			buildRules = (
			);
			dependencies = (
			);
			name = VillageWalletClientSDKReference;
			productName = VillageWalletClientSDKReference;
			productReference = 89361B4D24875E1A00FBED9B /* VillageWalletClientSDKReference.app */;
			productType = "com.apple.product-type.application";
		};
		89361B6224875E1B00FBED9B /* VillageWalletClientSDKReferenceTests */ = {
			isa = PBXNativeTarget;
			buildConfigurationList = 89361B7A24875E1B00FBED9B /* Build configuration list for PBXNativeTarget "VillageWalletClientSDKReferenceTests" */;
			buildPhases = (
				0CD00DEDBFA93CEBD86744CE /* [CP] Check Pods Manifest.lock */,
				89361B5F24875E1B00FBED9B /* Sources */,
				89361B6024875E1B00FBED9B /* Frameworks */,
				89361B6124875E1B00FBED9B /* Resources */,
				006DD955F549A16E210C5651 /* [CP] Embed Pods Frameworks */,
			);
			buildRules = (
			);
			dependencies = (
				89361B6524875E1B00FBED9B /* PBXTargetDependency */,
			);
			name = VillageWalletClientSDKReferenceTests;
			productName = VillageWalletClientSDKReferenceTests;
			productReference = 89361B6324875E1B00FBED9B /* VillageWalletClientSDKReferenceTests.xctest */;
			productType = "com.apple.product-type.bundle.unit-test";
		};
		89361B6D24875E1B00FBED9B /* VillageWalletClientSDKReferenceUITests */ = {
			isa = PBXNativeTarget;
			buildConfigurationList = 89361B7D24875E1B00FBED9B /* Build configuration list for PBXNativeTarget "VillageWalletClientSDKReferenceUITests" */;
			buildPhases = (
				FB26120F4CFC303BA61059B9 /* [CP] Check Pods Manifest.lock */,
				89361B6A24875E1B00FBED9B /* Sources */,
				89361B6B24875E1B00FBED9B /* Frameworks */,
				89361B6C24875E1B00FBED9B /* Resources */,
				3C8D1FFB604FBC9B49F1AA47 /* [CP] Embed Pods Frameworks */,
			);
			buildRules = (
			);
			dependencies = (
				89361B7024875E1B00FBED9B /* PBXTargetDependency */,
			);
			name = VillageWalletClientSDKReferenceUITests;
			productName = VillageWalletClientSDKReferenceUITests;
			productReference = 89361B6E24875E1B00FBED9B /* VillageWalletClientSDKReferenceUITests.xctest */;
			productType = "com.apple.product-type.bundle.ui-testing";
		};
/* End PBXNativeTarget section */

/* Begin PBXProject section */
		89361B4524875E1A00FBED9B /* Project object */ = {
			isa = PBXProject;
			attributes = {
				LastSwiftUpdateCheck = 1150;
				LastUpgradeCheck = 1150;
				ORGANIZATIONNAME = "Kieran Simpson";
				TargetAttributes = {
					89361B4C24875E1A00FBED9B = {
						CreatedOnToolsVersion = 11.5;
					};
					89361B6224875E1B00FBED9B = {
						CreatedOnToolsVersion = 11.5;
						TestTargetID = 89361B4C24875E1A00FBED9B;
					};
					89361B6D24875E1B00FBED9B = {
						CreatedOnToolsVersion = 11.5;
						TestTargetID = 89361B4C24875E1A00FBED9B;
					};
				};
			};
			buildConfigurationList = 89361B4824875E1A00FBED9B /* Build configuration list for PBXProject "VillageWalletClientSDKReference" */;
			compatibilityVersion = "Xcode 9.3";
			developmentRegion = en;
			hasScannedForEncodings = 0;
			knownRegions = (
				en,
				Base,
			);
			mainGroup = 89361B4424875E1A00FBED9B;
			productRefGroup = 89361B4E24875E1A00FBED9B /* Products */;
			projectDirPath = "";
			projectRoot = "";
			targets = (
				89361B4C24875E1A00FBED9B /* VillageWalletClientSDKReference */,
				89361B6224875E1B00FBED9B /* VillageWalletClientSDKReferenceTests */,
				89361B6D24875E1B00FBED9B /* VillageWalletClientSDKReferenceUITests */,
			);
		};
/* End PBXProject section */

/* Begin PBXResourcesBuildPhase section */
		89361B4B24875E1A00FBED9B /* Resources */ = {
			isa = PBXResourcesBuildPhase;
			buildActionMask = 2147483647;
			files = (
				89361B5D24875E1B00FBED9B /* LaunchScreen.storyboard in Resources */,
				89361B5A24875E1B00FBED9B /* Assets.xcassets in Resources */,
				89361B5824875E1A00FBED9B /* Main.storyboard in Resources */,
			);
			runOnlyForDeploymentPostprocessing = 0;
		};
		89361B6124875E1B00FBED9B /* Resources */ = {
			isa = PBXResourcesBuildPhase;
			buildActionMask = 2147483647;
			files = (
			);
			runOnlyForDeploymentPostprocessing = 0;
		};
		89361B6C24875E1B00FBED9B /* Resources */ = {
			isa = PBXResourcesBuildPhase;
			buildActionMask = 2147483647;
			files = (
			);
			runOnlyForDeploymentPostprocessing = 0;
		};
/* End PBXResourcesBuildPhase section */

/* Begin PBXShellScriptBuildPhase section */
		006DD955F549A16E210C5651 /* [CP] Embed Pods Frameworks */ = {
			isa = PBXShellScriptBuildPhase;
			buildActionMask = 2147483647;
			files = (
			);
			inputFileListPaths = (
				"${PODS_ROOT}/Target Support Files/Pods-VillageWalletClientSDKReference-VillageWalletClientSDKReferenceTests/Pods-VillageWalletClientSDKReference-VillageWalletClientSDKReferenceTests-frameworks-${CONFIGURATION}-input-files.xcfilelist",
			);
			name = "[CP] Embed Pods Frameworks";
			outputFileListPaths = (
				"${PODS_ROOT}/Target Support Files/Pods-VillageWalletClientSDKReference-VillageWalletClientSDKReferenceTests/Pods-VillageWalletClientSDKReference-VillageWalletClientSDKReferenceTests-frameworks-${CONFIGURATION}-output-files.xcfilelist",
			);
			runOnlyForDeploymentPostprocessing = 0;
			shellPath = /bin/sh;
			shellScript = "\"${PODS_ROOT}/Target Support Files/Pods-VillageWalletClientSDKReference-VillageWalletClientSDKReferenceTests/Pods-VillageWalletClientSDKReference-VillageWalletClientSDKReferenceTests-frameworks.sh\"\n";
			showEnvVarsInLog = 0;
		};
		0CD00DEDBFA93CEBD86744CE /* [CP] Check Pods Manifest.lock */ = {
			isa = PBXShellScriptBuildPhase;
			buildActionMask = 2147483647;
			files = (
			);
			inputFileListPaths = (
			);
			inputPaths = (
				"${PODS_PODFILE_DIR_PATH}/Podfile.lock",
				"${PODS_ROOT}/Manifest.lock",
			);
			name = "[CP] Check Pods Manifest.lock";
			outputFileListPaths = (
			);
			outputPaths = (
				"$(DERIVED_FILE_DIR)/Pods-VillageWalletClientSDKReference-VillageWalletClientSDKReferenceTests-checkManifestLockResult.txt",
			);
			runOnlyForDeploymentPostprocessing = 0;
			shellPath = /bin/sh;
			shellScript = "diff \"${PODS_PODFILE_DIR_PATH}/Podfile.lock\" \"${PODS_ROOT}/Manifest.lock\" > /dev/null\nif [ $? != 0 ] ; then\n    # print error to STDERR\n    echo \"error: The sandbox is not in sync with the Podfile.lock. Run 'pod install' or update your CocoaPods installation.\" >&2\n    exit 1\nfi\n# This output is used by Xcode 'outputs' to avoid re-running this script phase.\necho \"SUCCESS\" > \"${SCRIPT_OUTPUT_FILE_0}\"\n";
			showEnvVarsInLog = 0;
		};
		3C8D1FFB604FBC9B49F1AA47 /* [CP] Embed Pods Frameworks */ = {
			isa = PBXShellScriptBuildPhase;
			buildActionMask = 2147483647;
			files = (
			);
			inputFileListPaths = (
				"${PODS_ROOT}/Target Support Files/Pods-VillageWalletClientSDKReference-VillageWalletClientSDKReferenceUITests/Pods-VillageWalletClientSDKReference-VillageWalletClientSDKReferenceUITests-frameworks-${CONFIGURATION}-input-files.xcfilelist",
			);
			name = "[CP] Embed Pods Frameworks";
			outputFileListPaths = (
				"${PODS_ROOT}/Target Support Files/Pods-VillageWalletClientSDKReference-VillageWalletClientSDKReferenceUITests/Pods-VillageWalletClientSDKReference-VillageWalletClientSDKReferenceUITests-frameworks-${CONFIGURATION}-output-files.xcfilelist",
			);
			runOnlyForDeploymentPostprocessing = 0;
			shellPath = /bin/sh;
			shellScript = "\"${PODS_ROOT}/Target Support Files/Pods-VillageWalletClientSDKReference-VillageWalletClientSDKReferenceUITests/Pods-VillageWalletClientSDKReference-VillageWalletClientSDKReferenceUITests-frameworks.sh\"\n";
			showEnvVarsInLog = 0;
		};
		AE730EB4E5CFF9DD82213DC4 /* [CP] Embed Pods Frameworks */ = {
			isa = PBXShellScriptBuildPhase;
			buildActionMask = 2147483647;
			files = (
			);
			inputFileListPaths = (
				"${PODS_ROOT}/Target Support Files/Pods-VillageWalletClientSDKReference/Pods-VillageWalletClientSDKReference-frameworks-${CONFIGURATION}-input-files.xcfilelist",
			);
			name = "[CP] Embed Pods Frameworks";
			outputFileListPaths = (
				"${PODS_ROOT}/Target Support Files/Pods-VillageWalletClientSDKReference/Pods-VillageWalletClientSDKReference-frameworks-${CONFIGURATION}-output-files.xcfilelist",
			);
			runOnlyForDeploymentPostprocessing = 0;
			shellPath = /bin/sh;
			shellScript = "\"${PODS_ROOT}/Target Support Files/Pods-VillageWalletClientSDKReference/Pods-VillageWalletClientSDKReference-frameworks.sh\"\n";
			showEnvVarsInLog = 0;
		};
		F8D4D93915D2A51A02D3DF9E /* [CP] Check Pods Manifest.lock */ = {
			isa = PBXShellScriptBuildPhase;
			buildActionMask = 2147483647;
			files = (
			);
			inputFileListPaths = (
			);
			inputPaths = (
				"${PODS_PODFILE_DIR_PATH}/Podfile.lock",
				"${PODS_ROOT}/Manifest.lock",
			);
			name = "[CP] Check Pods Manifest.lock";
			outputFileListPaths = (
			);
			outputPaths = (
				"$(DERIVED_FILE_DIR)/Pods-VillageWalletClientSDKReference-checkManifestLockResult.txt",
			);
			runOnlyForDeploymentPostprocessing = 0;
			shellPath = /bin/sh;
			shellScript = "diff \"${PODS_PODFILE_DIR_PATH}/Podfile.lock\" \"${PODS_ROOT}/Manifest.lock\" > /dev/null\nif [ $? != 0 ] ; then\n    # print error to STDERR\n    echo \"error: The sandbox is not in sync with the Podfile.lock. Run 'pod install' or update your CocoaPods installation.\" >&2\n    exit 1\nfi\n# This output is used by Xcode 'outputs' to avoid re-running this script phase.\necho \"SUCCESS\" > \"${SCRIPT_OUTPUT_FILE_0}\"\n";
			showEnvVarsInLog = 0;
		};
		FB26120F4CFC303BA61059B9 /* [CP] Check Pods Manifest.lock */ = {
			isa = PBXShellScriptBuildPhase;
			buildActionMask = 2147483647;
			files = (
			);
			inputFileListPaths = (
			);
			inputPaths = (
				"${PODS_PODFILE_DIR_PATH}/Podfile.lock",
				"${PODS_ROOT}/Manifest.lock",
			);
			name = "[CP] Check Pods Manifest.lock";
			outputFileListPaths = (
			);
			outputPaths = (
				"$(DERIVED_FILE_DIR)/Pods-VillageWalletClientSDKReference-VillageWalletClientSDKReferenceUITests-checkManifestLockResult.txt",
			);
			runOnlyForDeploymentPostprocessing = 0;
			shellPath = /bin/sh;
			shellScript = "diff \"${PODS_PODFILE_DIR_PATH}/Podfile.lock\" \"${PODS_ROOT}/Manifest.lock\" > /dev/null\nif [ $? != 0 ] ; then\n    # print error to STDERR\n    echo \"error: The sandbox is not in sync with the Podfile.lock. Run 'pod install' or update your CocoaPods installation.\" >&2\n    exit 1\nfi\n# This output is used by Xcode 'outputs' to avoid re-running this script phase.\necho \"SUCCESS\" > \"${SCRIPT_OUTPUT_FILE_0}\"\n";
			showEnvVarsInLog = 0;
		};
/* End PBXShellScriptBuildPhase section */

/* Begin PBXSourcesBuildPhase section */
		89361B4924875E1A00FBED9B /* Sources */ = {
			isa = PBXSourcesBuildPhase;
			buildActionMask = 2147483647;
			files = (
				893BD925248F3834006EA746 /* BasketItemTableViewCell.swift in Sources */,
				89361B5524875E1A00FBED9B /* PaymentConfirmViewController.swift in Sources */,
				89361B5124875E1A00FBED9B /* AppDelegate.swift in Sources */,
				89361B81248767DD00FBED9B /* GradientView.swift in Sources */,
				894458222490AFC0003233FB /* SlideToPay.swift in Sources */,
				89361B5324875E1A00FBED9B /* SceneDelegate.swift in Sources */,
				894458202490864E003233FB /* SlideToPayBackground.swift in Sources */,
				898F80EA24889D2000402105 /* BottomSheet.swift in Sources */,
				89361B832487A11000FBED9B /* PaymentReceiptViewController.swift in Sources */,
				BC8DC38C72F0C728DD40F2D8 /* Currency.swift in Sources */,
				BC8DC1B7C5FCFCB5E7A9A091 /* VillageFactory.swift in Sources */,
				BC8DCEE575178C86A0E9F0B3 /* CustomerLoginApiAuthenticator.swift in Sources */,
				BC8DC00B8ED6CFC38914C9F3 /* IdmTokenDetails.swift in Sources */,
				BC8DC48ACC6DDA43106B7FA9 /* WPaySettings.swift in Sources */,
				BC8DC24350AA914D5ADA2954 /* SimulatorMerchantOptions.swift in Sources */,
				BC8DCE4F9467D692F2988424 /* SimulatorCustomerOptions.swift in Sources */,
				BC8DCE15AD8DE54F8E7A5EDC /* SimulatorPaymentRequest.swift in Sources */,
				BC8DCBACF63BBDCC9EA3E78B /* PaymentDetails.swift in Sources */,
			);
			runOnlyForDeploymentPostprocessing = 0;
		};
		89361B5F24875E1B00FBED9B /* Sources */ = {
			isa = PBXSourcesBuildPhase;
			buildActionMask = 2147483647;
			files = (
				89361B6824875E1B00FBED9B /* VillageWalletClientSDKReferenceTests.swift in Sources */,
			);
			runOnlyForDeploymentPostprocessing = 0;
		};
		89361B6A24875E1B00FBED9B /* Sources */ = {
			isa = PBXSourcesBuildPhase;
			buildActionMask = 2147483647;
			files = (
				89361B7324875E1B00FBED9B /* VillageWalletClientSDKReferenceUITests.swift in Sources */,
			);
			runOnlyForDeploymentPostprocessing = 0;
		};
/* End PBXSourcesBuildPhase section */

/* Begin PBXTargetDependency section */
		89361B6524875E1B00FBED9B /* PBXTargetDependency */ = {
			isa = PBXTargetDependency;
			target = 89361B4C24875E1A00FBED9B /* VillageWalletClientSDKReference */;
			targetProxy = 89361B6424875E1B00FBED9B /* PBXContainerItemProxy */;
		};
		89361B7024875E1B00FBED9B /* PBXTargetDependency */ = {
			isa = PBXTargetDependency;
			target = 89361B4C24875E1A00FBED9B /* VillageWalletClientSDKReference */;
			targetProxy = 89361B6F24875E1B00FBED9B /* PBXContainerItemProxy */;
		};
/* End PBXTargetDependency section */

/* Begin PBXVariantGroup section */
		89361B5624875E1A00FBED9B /* Main.storyboard */ = {
			isa = PBXVariantGroup;
			children = (
				89361B5724875E1A00FBED9B /* Base */,
			);
			name = Main.storyboard;
			sourceTree = "<group>";
		};
		89361B5B24875E1B00FBED9B /* LaunchScreen.storyboard */ = {
			isa = PBXVariantGroup;
			children = (
				89361B5C24875E1B00FBED9B /* Base */,
			);
			name = LaunchScreen.storyboard;
			sourceTree = "<group>";
		};
/* End PBXVariantGroup section */

/* Begin XCBuildConfiguration section */
		89361B7524875E1B00FBED9B /* Debug */ = {
			isa = XCBuildConfiguration;
			buildSettings = {
				ALWAYS_SEARCH_USER_PATHS = NO;
				CLANG_ANALYZER_NONNULL = YES;
				CLANG_ANALYZER_NUMBER_OBJECT_CONVERSION = YES_AGGRESSIVE;
				CLANG_CXX_LANGUAGE_STANDARD = "gnu++14";
				CLANG_CXX_LIBRARY = "libc++";
				CLANG_ENABLE_MODULES = YES;
				CLANG_ENABLE_OBJC_ARC = YES;
				CLANG_ENABLE_OBJC_WEAK = YES;
				CLANG_WARN_BLOCK_CAPTURE_AUTORELEASING = YES;
				CLANG_WARN_BOOL_CONVERSION = YES;
				CLANG_WARN_COMMA = YES;
				CLANG_WARN_CONSTANT_CONVERSION = YES;
				CLANG_WARN_DEPRECATED_OBJC_IMPLEMENTATIONS = YES;
				CLANG_WARN_DIRECT_OBJC_ISA_USAGE = YES_ERROR;
				CLANG_WARN_DOCUMENTATION_COMMENTS = YES;
				CLANG_WARN_EMPTY_BODY = YES;
				CLANG_WARN_ENUM_CONVERSION = YES;
				CLANG_WARN_INFINITE_RECURSION = YES;
				CLANG_WARN_INT_CONVERSION = YES;
				CLANG_WARN_NON_LITERAL_NULL_CONVERSION = YES;
				CLANG_WARN_OBJC_IMPLICIT_RETAIN_SELF = YES;
				CLANG_WARN_OBJC_LITERAL_CONVERSION = YES;
				CLANG_WARN_OBJC_ROOT_CLASS = YES_ERROR;
				CLANG_WARN_RANGE_LOOP_ANALYSIS = YES;
				CLANG_WARN_STRICT_PROTOTYPES = YES;
				CLANG_WARN_SUSPICIOUS_MOVE = YES;
				CLANG_WARN_UNGUARDED_AVAILABILITY = YES_AGGRESSIVE;
				CLANG_WARN_UNREACHABLE_CODE = YES;
				CLANG_WARN__DUPLICATE_METHOD_MATCH = YES;
				COPY_PHASE_STRIP = NO;
				DEBUG_INFORMATION_FORMAT = dwarf;
				ENABLE_STRICT_OBJC_MSGSEND = YES;
				ENABLE_TESTABILITY = YES;
				GCC_C_LANGUAGE_STANDARD = gnu11;
				GCC_DYNAMIC_NO_PIC = NO;
				GCC_NO_COMMON_BLOCKS = YES;
				GCC_OPTIMIZATION_LEVEL = 0;
				GCC_PREPROCESSOR_DEFINITIONS = (
					"DEBUG=1",
					"$(inherited)",
				);
				GCC_WARN_64_TO_32_BIT_CONVERSION = YES;
				GCC_WARN_ABOUT_RETURN_TYPE = YES_ERROR;
				GCC_WARN_UNDECLARED_SELECTOR = YES;
				GCC_WARN_UNINITIALIZED_AUTOS = YES_AGGRESSIVE;
				GCC_WARN_UNUSED_FUNCTION = YES;
				GCC_WARN_UNUSED_VARIABLE = YES;
				IPHONEOS_DEPLOYMENT_TARGET = 13.5;
				MTL_ENABLE_DEBUG_INFO = INCLUDE_SOURCE;
				MTL_FAST_MATH = YES;
				ONLY_ACTIVE_ARCH = YES;
				SDKROOT = iphoneos;
				SWIFT_ACTIVE_COMPILATION_CONDITIONS = DEBUG;
				SWIFT_OPTIMIZATION_LEVEL = "-Onone";
			};
			name = Debug;
		};
		89361B7624875E1B00FBED9B /* Release */ = {
			isa = XCBuildConfiguration;
			buildSettings = {
				ALWAYS_SEARCH_USER_PATHS = NO;
				CLANG_ANALYZER_NONNULL = YES;
				CLANG_ANALYZER_NUMBER_OBJECT_CONVERSION = YES_AGGRESSIVE;
				CLANG_CXX_LANGUAGE_STANDARD = "gnu++14";
				CLANG_CXX_LIBRARY = "libc++";
				CLANG_ENABLE_MODULES = YES;
				CLANG_ENABLE_OBJC_ARC = YES;
				CLANG_ENABLE_OBJC_WEAK = YES;
				CLANG_WARN_BLOCK_CAPTURE_AUTORELEASING = YES;
				CLANG_WARN_BOOL_CONVERSION = YES;
				CLANG_WARN_COMMA = YES;
				CLANG_WARN_CONSTANT_CONVERSION = YES;
				CLANG_WARN_DEPRECATED_OBJC_IMPLEMENTATIONS = YES;
				CLANG_WARN_DIRECT_OBJC_ISA_USAGE = YES_ERROR;
				CLANG_WARN_DOCUMENTATION_COMMENTS = YES;
				CLANG_WARN_EMPTY_BODY = YES;
				CLANG_WARN_ENUM_CONVERSION = YES;
				CLANG_WARN_INFINITE_RECURSION = YES;
				CLANG_WARN_INT_CONVERSION = YES;
				CLANG_WARN_NON_LITERAL_NULL_CONVERSION = YES;
				CLANG_WARN_OBJC_IMPLICIT_RETAIN_SELF = YES;
				CLANG_WARN_OBJC_LITERAL_CONVERSION = YES;
				CLANG_WARN_OBJC_ROOT_CLASS = YES_ERROR;
				CLANG_WARN_RANGE_LOOP_ANALYSIS = YES;
				CLANG_WARN_STRICT_PROTOTYPES = YES;
				CLANG_WARN_SUSPICIOUS_MOVE = YES;
				CLANG_WARN_UNGUARDED_AVAILABILITY = YES_AGGRESSIVE;
				CLANG_WARN_UNREACHABLE_CODE = YES;
				CLANG_WARN__DUPLICATE_METHOD_MATCH = YES;
				COPY_PHASE_STRIP = NO;
				DEBUG_INFORMATION_FORMAT = "dwarf-with-dsym";
				ENABLE_NS_ASSERTIONS = NO;
				ENABLE_STRICT_OBJC_MSGSEND = YES;
				GCC_C_LANGUAGE_STANDARD = gnu11;
				GCC_NO_COMMON_BLOCKS = YES;
				GCC_WARN_64_TO_32_BIT_CONVERSION = YES;
				GCC_WARN_ABOUT_RETURN_TYPE = YES_ERROR;
				GCC_WARN_UNDECLARED_SELECTOR = YES;
				GCC_WARN_UNINITIALIZED_AUTOS = YES_AGGRESSIVE;
				GCC_WARN_UNUSED_FUNCTION = YES;
				GCC_WARN_UNUSED_VARIABLE = YES;
				IPHONEOS_DEPLOYMENT_TARGET = 13.5;
				MTL_ENABLE_DEBUG_INFO = NO;
				MTL_FAST_MATH = YES;
				SDKROOT = iphoneos;
				SWIFT_COMPILATION_MODE = wholemodule;
				SWIFT_OPTIMIZATION_LEVEL = "-O";
				VALIDATE_PRODUCT = YES;
			};
			name = Release;
		};
		89361B7824875E1B00FBED9B /* Debug */ = {
			isa = XCBuildConfiguration;
			baseConfigurationReference = D5E5363D2B732621FCBDAB0E /* Pods-VillageWalletClientSDKReference.debug.xcconfig */;
			buildSettings = {
				ASSETCATALOG_COMPILER_APPICON_NAME = AppIcon;
				CODE_SIGN_STYLE = Automatic;
				DEVELOPMENT_TEAM = 7XWK8GFQC7;
				INFOPLIST_FILE = VillageWalletClientSDKReference/Info.plist;
				LD_RUNPATH_SEARCH_PATHS = (
					"$(inherited)",
					"@executable_path/Frameworks",
				);
				PRODUCT_BUNDLE_IDENTIFIER = au.com.woolworths.village.app.VillageWalletClientSDKReference;
				PRODUCT_NAME = "$(TARGET_NAME)";
				SWIFT_VERSION = 5.0;
				TARGETED_DEVICE_FAMILY = "1,2";
			};
			name = Debug;
		};
		89361B7924875E1B00FBED9B /* Release */ = {
			isa = XCBuildConfiguration;
			baseConfigurationReference = 7927F195CA95644BBBEB00B6 /* Pods-VillageWalletClientSDKReference.release.xcconfig */;
			buildSettings = {
				ASSETCATALOG_COMPILER_APPICON_NAME = AppIcon;
				CODE_SIGN_ENTITLEMENTS = VillageWalletClientSDKReference/VillageWalletClientSDKReferenceRelease.entitlements;
				CODE_SIGN_STYLE = Automatic;
				DEVELOPMENT_TEAM = 7XWK8GFQC7;
				INFOPLIST_FILE = VillageWalletClientSDKReference/Info.plist;
				LD_RUNPATH_SEARCH_PATHS = (
					"$(inherited)",
					"@executable_path/Frameworks",
				);
				PRODUCT_BUNDLE_IDENTIFIER = au.com.woolworths.village.app.VillageWalletClientSDKReference;
				PRODUCT_NAME = "$(TARGET_NAME)";
				SWIFT_VERSION = 5.0;
				TARGETED_DEVICE_FAMILY = "1,2";
			};
			name = Release;
		};
		89361B7B24875E1B00FBED9B /* Debug */ = {
			isa = XCBuildConfiguration;
			baseConfigurationReference = 1E27FD56039D98E0927165D4 /* Pods-VillageWalletClientSDKReference-VillageWalletClientSDKReferenceTests.debug.xcconfig */;
			buildSettings = {
				ALWAYS_EMBED_SWIFT_STANDARD_LIBRARIES = YES;
				BUNDLE_LOADER = "$(TEST_HOST)";
				CODE_SIGN_STYLE = Automatic;
				DEVELOPMENT_TEAM = 7XWK8GFQC7;
				INFOPLIST_FILE = VillageWalletClientSDKReferenceTests/Info.plist;
				IPHONEOS_DEPLOYMENT_TARGET = 13.5;
				LD_RUNPATH_SEARCH_PATHS = (
					"$(inherited)",
					"@executable_path/Frameworks",
					"@loader_path/Frameworks",
				);
				PRODUCT_BUNDLE_IDENTIFIER = au.com.woolworths.village.app.VillageWalletClientSDKReferenceTests;
				PRODUCT_NAME = "$(TARGET_NAME)";
				SWIFT_VERSION = 5.0;
				TARGETED_DEVICE_FAMILY = "1,2";
				TEST_HOST = "$(BUILT_PRODUCTS_DIR)/VillageWalletClientSDKReference.app/VillageWalletClientSDKReference";
			};
			name = Debug;
		};
		89361B7C24875E1B00FBED9B /* Release */ = {
			isa = XCBuildConfiguration;
			baseConfigurationReference = FCE4FB0A95624D6593D79589 /* Pods-VillageWalletClientSDKReference-VillageWalletClientSDKReferenceTests.release.xcconfig */;
			buildSettings = {
				ALWAYS_EMBED_SWIFT_STANDARD_LIBRARIES = YES;
				BUNDLE_LOADER = "$(TEST_HOST)";
				CODE_SIGN_STYLE = Automatic;
				DEVELOPMENT_TEAM = 7XWK8GFQC7;
				INFOPLIST_FILE = VillageWalletClientSDKReferenceTests/Info.plist;
				IPHONEOS_DEPLOYMENT_TARGET = 13.5;
				LD_RUNPATH_SEARCH_PATHS = (
					"$(inherited)",
					"@executable_path/Frameworks",
					"@loader_path/Frameworks",
				);
				PRODUCT_BUNDLE_IDENTIFIER = au.com.woolworths.village.app.VillageWalletClientSDKReferenceTests;
				PRODUCT_NAME = "$(TARGET_NAME)";
				SWIFT_VERSION = 5.0;
				TARGETED_DEVICE_FAMILY = "1,2";
				TEST_HOST = "$(BUILT_PRODUCTS_DIR)/VillageWalletClientSDKReference.app/VillageWalletClientSDKReference";
			};
			name = Release;
		};
		89361B7E24875E1B00FBED9B /* Debug */ = {
			isa = XCBuildConfiguration;
			baseConfigurationReference = 11D62C72243C26F694DFEBB5 /* Pods-VillageWalletClientSDKReference-VillageWalletClientSDKReferenceUITests.debug.xcconfig */;
			buildSettings = {
				ALWAYS_EMBED_SWIFT_STANDARD_LIBRARIES = YES;
				CODE_SIGN_STYLE = Automatic;
				DEVELOPMENT_TEAM = 7XWK8GFQC7;
				INFOPLIST_FILE = VillageWalletClientSDKReferenceUITests/Info.plist;
				LD_RUNPATH_SEARCH_PATHS = (
					"$(inherited)",
					"@executable_path/Frameworks",
					"@loader_path/Frameworks",
				);
				PRODUCT_BUNDLE_IDENTIFIER = au.com.woolworths.village.app.VillageWalletClientSDKReferenceUITests;
				PRODUCT_NAME = "$(TARGET_NAME)";
				SWIFT_VERSION = 5.0;
				TARGETED_DEVICE_FAMILY = "1,2";
				TEST_TARGET_NAME = VillageWalletClientSDKReference;
			};
			name = Debug;
		};
		89361B7F24875E1B00FBED9B /* Release */ = {
			isa = XCBuildConfiguration;
			baseConfigurationReference = C2A3DAA88D24E469D4DC7243 /* Pods-VillageWalletClientSDKReference-VillageWalletClientSDKReferenceUITests.release.xcconfig */;
			buildSettings = {
				ALWAYS_EMBED_SWIFT_STANDARD_LIBRARIES = YES;
				CODE_SIGN_STYLE = Automatic;
				DEVELOPMENT_TEAM = 7XWK8GFQC7;
				INFOPLIST_FILE = VillageWalletClientSDKReferenceUITests/Info.plist;
				LD_RUNPATH_SEARCH_PATHS = (
					"$(inherited)",
					"@executable_path/Frameworks",
					"@loader_path/Frameworks",
				);
				PRODUCT_BUNDLE_IDENTIFIER = au.com.woolworths.village.app.VillageWalletClientSDKReferenceUITests;
				PRODUCT_NAME = "$(TARGET_NAME)";
				SWIFT_VERSION = 5.0;
				TARGETED_DEVICE_FAMILY = "1,2";
				TEST_TARGET_NAME = VillageWalletClientSDKReference;
			};
			name = Release;
		};
/* End XCBuildConfiguration section */

/* Begin XCConfigurationList section */
		89361B4824875E1A00FBED9B /* Build configuration list for PBXProject "VillageWalletClientSDKReference" */ = {
			isa = XCConfigurationList;
			buildConfigurations = (
				89361B7524875E1B00FBED9B /* Debug */,
				89361B7624875E1B00FBED9B /* Release */,
			);
			defaultConfigurationIsVisible = 0;
			defaultConfigurationName = Release;
		};
		89361B7724875E1B00FBED9B /* Build configuration list for PBXNativeTarget "VillageWalletClientSDKReference" */ = {
			isa = XCConfigurationList;
			buildConfigurations = (
				89361B7824875E1B00FBED9B /* Debug */,
				89361B7924875E1B00FBED9B /* Release */,
			);
			defaultConfigurationIsVisible = 0;
			defaultConfigurationName = Release;
		};
		89361B7A24875E1B00FBED9B /* Build configuration list for PBXNativeTarget "VillageWalletClientSDKReferenceTests" */ = {
			isa = XCConfigurationList;
			buildConfigurations = (
				89361B7B24875E1B00FBED9B /* Debug */,
				89361B7C24875E1B00FBED9B /* Release */,
			);
			defaultConfigurationIsVisible = 0;
			defaultConfigurationName = Release;
		};
		89361B7D24875E1B00FBED9B /* Build configuration list for PBXNativeTarget "VillageWalletClientSDKReferenceUITests" */ = {
			isa = XCConfigurationList;
			buildConfigurations = (
				89361B7E24875E1B00FBED9B /* Debug */,
				89361B7F24875E1B00FBED9B /* Release */,
			);
			defaultConfigurationIsVisible = 0;
			defaultConfigurationName = Release;
		};
/* End XCConfigurationList section */
	};
	rootObject = 89361B4524875E1A00FBED9B /* Project object */;
}
